// !$*UTF8*$!
{
	archiveVersion = 1;
	classes = {
	};
	objectVersion = 52;
	objects = {

/* Begin PBXBuildFile section */
		1E8AE1FF26BAC9CA001C08F4 /* StocksViewModel.swift in Sources */ = {isa = PBXBuildFile; fileRef = 1E8AE1FE26BAC9CA001C08F4 /* StocksViewModel.swift */; };
		1E8AE20226BACA29001C08F4 /* JsonParser.swift in Sources */ = {isa = PBXBuildFile; fileRef = 1E8AE20126BACA29001C08F4 /* JsonParser.swift */; };
		1E8AE20526BACAAB001C08F4 /* StockInfoData.json in Resources */ = {isa = PBXBuildFile; fileRef = 1E8AE20426BACAAB001C08F4 /* StockInfoData.json */; };
		1E8AE22926BACFD7001C08F4 /* JsonParserTests.swift in Sources */ = {isa = PBXBuildFile; fileRef = 1E8AE22826BACFD7001C08F4 /* JsonParserTests.swift */; };
		1EA1EAAA26BAE3310054089D /* RoundedRectangleImageView.swift in Sources */ = {isa = PBXBuildFile; fileRef = 1EA1EAA926BAE3310054089D /* RoundedRectangleImageView.swift */; };
		1EA1EAAD26BAE4440054089D /* SDWebImageSwiftUI in Frameworks */ = {isa = PBXBuildFile; productRef = 1EA1EAAC26BAE4440054089D /* SDWebImageSwiftUI */; };
		1EA1EAAF26BAF95A0054089D /* StockDetailsView.swift in Sources */ = {isa = PBXBuildFile; fileRef = 1EA1EAAE26BAF95A0054089D /* StockDetailsView.swift */; };
		1EEFD57926BA9B3D00DAA9D5 /* MarketDataApp.swift in Sources */ = {isa = PBXBuildFile; fileRef = 1EEFD57826BA9B3D00DAA9D5 /* MarketDataApp.swift */; };
		1EEFD57B26BA9B3D00DAA9D5 /* ContentView.swift in Sources */ = {isa = PBXBuildFile; fileRef = 1EEFD57A26BA9B3D00DAA9D5 /* ContentView.swift */; };
		1EEFD57D26BA9B4200DAA9D5 /* Assets.xcassets in Resources */ = {isa = PBXBuildFile; fileRef = 1EEFD57C26BA9B4200DAA9D5 /* Assets.xcassets */; };
		1EEFD58026BA9B4200DAA9D5 /* Preview Assets.xcassets in Resources */ = {isa = PBXBuildFile; fileRef = 1EEFD57F26BA9B4200DAA9D5 /* Preview Assets.xcassets */; };
		1EEFD58A26BA9BFC00DAA9D5 /* StockRowView.swift in Sources */ = {isa = PBXBuildFile; fileRef = 1EEFD58926BA9BFC00DAA9D5 /* StockRowView.swift */; };
		1EEFD58E26BA9E3500DAA9D5 /* StockInfoModel.swift in Sources */ = {isa = PBXBuildFile; fileRef = 1EEFD58D26BA9E3500DAA9D5 /* StockInfoModel.swift */; };
		1EEFD59026BAA27600DAA9D5 /* PriceInfoModel.swift in Sources */ = {isa = PBXBuildFile; fileRef = 1EEFD58F26BAA27600DAA9D5 /* PriceInfoModel.swift */; };
		1EEFD59326BAA2EF00DAA9D5 /* Amount.swift in Sources */ = {isa = PBXBuildFile; fileRef = 1EEFD59226BAA2EF00DAA9D5 /* Amount.swift */; };
		1EEFD59526BAA2F800DAA9D5 /* Currency.swift in Sources */ = {isa = PBXBuildFile; fileRef = 1EEFD59426BAA2F800DAA9D5 /* Currency.swift */; };
		1EEFD59926BAA8A300DAA9D5 /* StockListView.swift in Sources */ = {isa = PBXBuildFile; fileRef = 1EEFD59826BAA8A300DAA9D5 /* StockListView.swift */; };
/* End PBXBuildFile section */

/* Begin PBXContainerItemProxy section */
		1E8AE22B26BACFD7001C08F4 /* PBXContainerItemProxy */ = {
			isa = PBXContainerItemProxy;
			containerPortal = 1EEFD56D26BA9B3D00DAA9D5 /* Project object */;
			proxyType = 1;
			remoteGlobalIDString = 1EEFD57426BA9B3D00DAA9D5;
			remoteInfo = MarketData;
		};
/* End PBXContainerItemProxy section */

/* Begin PBXFileReference section */
		1E8AE1FE26BAC9CA001C08F4 /* StocksViewModel.swift */ = {isa = PBXFileReference; lastKnownFileType = sourcecode.swift; path = StocksViewModel.swift; sourceTree = "<group>"; };
		1E8AE20126BACA29001C08F4 /* JsonParser.swift */ = {isa = PBXFileReference; lastKnownFileType = sourcecode.swift; path = JsonParser.swift; sourceTree = "<group>"; };
		1E8AE20426BACAAB001C08F4 /* StockInfoData.json */ = {isa = PBXFileReference; lastKnownFileType = text.json; path = StockInfoData.json; sourceTree = "<group>"; };
		1E8AE22626BACFD7001C08F4 /* JsonParserTests.xctest */ = {isa = PBXFileReference; explicitFileType = wrapper.cfbundle; includeInIndex = 0; path = JsonParserTests.xctest; sourceTree = BUILT_PRODUCTS_DIR; };
		1E8AE22826BACFD7001C08F4 /* JsonParserTests.swift */ = {isa = PBXFileReference; lastKnownFileType = sourcecode.swift; path = JsonParserTests.swift; sourceTree = "<group>"; };
		1E8AE22A26BACFD7001C08F4 /* Info.plist */ = {isa = PBXFileReference; lastKnownFileType = text.plist.xml; path = Info.plist; sourceTree = "<group>"; };
		1EA1EAA926BAE3310054089D /* RoundedRectangleImageView.swift */ = {isa = PBXFileReference; lastKnownFileType = sourcecode.swift; path = RoundedRectangleImageView.swift; sourceTree = "<group>"; };
		1EA1EAAE26BAF95A0054089D /* StockDetailsView.swift */ = {isa = PBXFileReference; lastKnownFileType = sourcecode.swift; path = StockDetailsView.swift; sourceTree = "<group>"; };
		1EEFD57526BA9B3D00DAA9D5 /* MarketData.app */ = {isa = PBXFileReference; explicitFileType = wrapper.application; includeInIndex = 0; path = MarketData.app; sourceTree = BUILT_PRODUCTS_DIR; };
		1EEFD57826BA9B3D00DAA9D5 /* MarketDataApp.swift */ = {isa = PBXFileReference; lastKnownFileType = sourcecode.swift; path = MarketDataApp.swift; sourceTree = "<group>"; };
		1EEFD57A26BA9B3D00DAA9D5 /* ContentView.swift */ = {isa = PBXFileReference; lastKnownFileType = sourcecode.swift; path = ContentView.swift; sourceTree = "<group>"; };
		1EEFD57C26BA9B4200DAA9D5 /* Assets.xcassets */ = {isa = PBXFileReference; lastKnownFileType = folder.assetcatalog; path = Assets.xcassets; sourceTree = "<group>"; };
		1EEFD57F26BA9B4200DAA9D5 /* Preview Assets.xcassets */ = {isa = PBXFileReference; lastKnownFileType = folder.assetcatalog; path = "Preview Assets.xcassets"; sourceTree = "<group>"; };
		1EEFD58126BA9B4200DAA9D5 /* Info.plist */ = {isa = PBXFileReference; lastKnownFileType = text.plist.xml; path = Info.plist; sourceTree = "<group>"; };
		1EEFD58926BA9BFC00DAA9D5 /* StockRowView.swift */ = {isa = PBXFileReference; lastKnownFileType = sourcecode.swift; path = StockRowView.swift; sourceTree = "<group>"; };
		1EEFD58D26BA9E3500DAA9D5 /* StockInfoModel.swift */ = {isa = PBXFileReference; lastKnownFileType = sourcecode.swift; path = StockInfoModel.swift; sourceTree = "<group>"; };
		1EEFD58F26BAA27600DAA9D5 /* PriceInfoModel.swift */ = {isa = PBXFileReference; lastKnownFileType = sourcecode.swift; path = PriceInfoModel.swift; sourceTree = "<group>"; };
		1EEFD59226BAA2EF00DAA9D5 /* Amount.swift */ = {isa = PBXFileReference; lastKnownFileType = sourcecode.swift; path = Amount.swift; sourceTree = "<group>"; };
		1EEFD59426BAA2F800DAA9D5 /* Currency.swift */ = {isa = PBXFileReference; lastKnownFileType = sourcecode.swift; path = Currency.swift; sourceTree = "<group>"; };
		1EEFD59826BAA8A300DAA9D5 /* StockListView.swift */ = {isa = PBXFileReference; lastKnownFileType = sourcecode.swift; path = StockListView.swift; sourceTree = "<group>"; };
/* End PBXFileReference section */

/* Begin PBXFrameworksBuildPhase section */
		1E8AE22326BACFD7001C08F4 /* Frameworks */ = {
			isa = PBXFrameworksBuildPhase;
			buildActionMask = 2147483647;
			files = (
			);
			runOnlyForDeploymentPostprocessing = 0;
		};
		1EEFD57226BA9B3D00DAA9D5 /* Frameworks */ = {
			isa = PBXFrameworksBuildPhase;
			buildActionMask = 2147483647;
			files = (
				1EA1EAAD26BAE4440054089D /* SDWebImageSwiftUI in Frameworks */,
			);
			runOnlyForDeploymentPostprocessing = 0;
		};
/* End PBXFrameworksBuildPhase section */

/* Begin PBXGroup section */
		1E8AE20026BACA16001C08F4 /* Utilities */ = {
			isa = PBXGroup;
			children = (
				1E8AE20126BACA29001C08F4 /* JsonParser.swift */,
			);
			path = Utilities;
			sourceTree = "<group>";
		};
		1E8AE20326BACA96001C08F4 /* Resources */ = {
			isa = PBXGroup;
			children = (
				1E8AE20426BACAAB001C08F4 /* StockInfoData.json */,
			);
			path = Resources;
			sourceTree = "<group>";
		};
		1E8AE22726BACFD7001C08F4 /* JsonParserTests */ = {
			isa = PBXGroup;
			children = (
				1E8AE22826BACFD7001C08F4 /* JsonParserTests.swift */,
				1E8AE22A26BACFD7001C08F4 /* Info.plist */,
			);
			path = JsonParserTests;
			sourceTree = "<group>";
		};
		1EA1EAB026BB0B4C0054089D /* StockListing */ = {
			isa = PBXGroup;
			children = (
				1EA1EAB626BB0C2F0054089D /* ViewModel */,
				1EEFD58726BA9BCB00DAA9D5 /* Views */,
			);
			path = StockListing;
			sourceTree = "<group>";
		};
		1EA1EAB226BB0B9A0054089D /* StockDetails */ = {
			isa = PBXGroup;
			children = (
				1EA1EAB526BB0C120054089D /* Views */,
			);
			path = StockDetails;
			sourceTree = "<group>";
		};
		1EA1EAB326BB0BAF0054089D /* Views */ = {
			isa = PBXGroup;
			children = (
				1EA1EAA926BAE3310054089D /* RoundedRectangleImageView.swift */,
			);
			path = Views;
			sourceTree = "<group>";
		};
		1EA1EAB526BB0C120054089D /* Views */ = {
			isa = PBXGroup;
			children = (
				1EA1EAAE26BAF95A0054089D /* StockDetailsView.swift */,
			);
			path = Views;
			sourceTree = "<group>";
		};
		1EA1EAB626BB0C2F0054089D /* ViewModel */ = {
			isa = PBXGroup;
			children = (
				1E8AE1FE26BAC9CA001C08F4 /* StocksViewModel.swift */,
			);
			path = ViewModel;
			sourceTree = "<group>";
		};
		1EA1EAB726BB0CD30054089D /* Models */ = {
			isa = PBXGroup;
			children = (
				1EA1EAB926BB0CF90054089D /* Utilities */,
				1EA1EAB826BB0CDC0054089D /* Stocks */,
			);
			path = Models;
			sourceTree = "<group>";
		};
		1EA1EAB826BB0CDC0054089D /* Stocks */ = {
			isa = PBXGroup;
			children = (
				1EEFD58D26BA9E3500DAA9D5 /* StockInfoModel.swift */,
				1EEFD58F26BAA27600DAA9D5 /* PriceInfoModel.swift */,
			);
			path = Stocks;
			sourceTree = "<group>";
		};
		1EA1EAB926BB0CF90054089D /* Utilities */ = {
			isa = PBXGroup;
			children = (
				1EEFD59226BAA2EF00DAA9D5 /* Amount.swift */,
				1EEFD59426BAA2F800DAA9D5 /* Currency.swift */,
			);
			path = Utilities;
			sourceTree = "<group>";
		};
		1EEFD56C26BA9B3D00DAA9D5 = {
			isa = PBXGroup;
			children = (
				1EEFD57726BA9B3D00DAA9D5 /* MarketData */,
				1E8AE22726BACFD7001C08F4 /* JsonParserTests */,
				1EEFD57626BA9B3D00DAA9D5 /* Products */,
			);
			sourceTree = "<group>";
		};
		1EEFD57626BA9B3D00DAA9D5 /* Products */ = {
			isa = PBXGroup;
			children = (
				1EEFD57526BA9B3D00DAA9D5 /* MarketData.app */,
				1E8AE22626BACFD7001C08F4 /* JsonParserTests.xctest */,
			);
			name = Products;
			sourceTree = "<group>";
		};
		1EEFD57726BA9B3D00DAA9D5 /* MarketData */ = {
			isa = PBXGroup;
			children = (
				1EA1EAB726BB0CD30054089D /* Models */,
				1EA1EAB226BB0B9A0054089D /* StockDetails */,
				1EA1EAB026BB0B4C0054089D /* StockListing */,
				1E8AE20326BACA96001C08F4 /* Resources */,
				1EEFD59126BAA2DA00DAA9D5 /* Common */,
				1EEFD57826BA9B3D00DAA9D5 /* MarketDataApp.swift */,
				1EEFD57A26BA9B3D00DAA9D5 /* ContentView.swift */,
				1EEFD57C26BA9B4200DAA9D5 /* Assets.xcassets */,
				1EEFD58126BA9B4200DAA9D5 /* Info.plist */,
				1EEFD57E26BA9B4200DAA9D5 /* Preview Content */,
			);
			path = MarketData;
			sourceTree = "<group>";
		};
		1EEFD57E26BA9B4200DAA9D5 /* Preview Content */ = {
			isa = PBXGroup;
			children = (
				1EEFD57F26BA9B4200DAA9D5 /* Preview Assets.xcassets */,
			);
			path = "Preview Content";
			sourceTree = "<group>";
		};
		1EEFD58726BA9BCB00DAA9D5 /* Views */ = {
			isa = PBXGroup;
			children = (
				1EEFD58926BA9BFC00DAA9D5 /* StockRowView.swift */,
				1EEFD59826BAA8A300DAA9D5 /* StockListView.swift */,
			);
			path = Views;
			sourceTree = "<group>";
		};
		1EEFD59126BAA2DA00DAA9D5 /* Common */ = {
			isa = PBXGroup;
			children = (
				1EA1EAB326BB0BAF0054089D /* Views */,
				1E8AE20026BACA16001C08F4 /* Utilities */,
			);
			path = Common;
			sourceTree = "<group>";
		};
/* End PBXGroup section */

/* Begin PBXNativeTarget section */
		1E8AE22526BACFD7001C08F4 /* JsonParserTests */ = {
			isa = PBXNativeTarget;
			buildConfigurationList = 1E8AE22F26BACFD7001C08F4 /* Build configuration list for PBXNativeTarget "JsonParserTests" */;
			buildPhases = (
				1E8AE22226BACFD7001C08F4 /* Sources */,
				1E8AE22326BACFD7001C08F4 /* Frameworks */,
				1E8AE22426BACFD7001C08F4 /* Resources */,
			);
			buildRules = (
			);
			dependencies = (
				1E8AE22C26BACFD7001C08F4 /* PBXTargetDependency */,
			);
			name = JsonParserTests;
			productName = JsonParserTests;
			productReference = 1E8AE22626BACFD7001C08F4 /* JsonParserTests.xctest */;
			productType = "com.apple.product-type.bundle.unit-test";
		};
		1EEFD57426BA9B3D00DAA9D5 /* MarketData */ = {
			isa = PBXNativeTarget;
			buildConfigurationList = 1EEFD58426BA9B4200DAA9D5 /* Build configuration list for PBXNativeTarget "MarketData" */;
			buildPhases = (
				1EEFD57126BA9B3D00DAA9D5 /* Sources */,
				1EEFD57226BA9B3D00DAA9D5 /* Frameworks */,
				1EEFD57326BA9B3D00DAA9D5 /* Resources */,
			);
			buildRules = (
			);
			dependencies = (
			);
			name = MarketData;
			packageProductDependencies = (
				1EA1EAAC26BAE4440054089D /* SDWebImageSwiftUI */,
			);
			productName = MarketData;
			productReference = 1EEFD57526BA9B3D00DAA9D5 /* MarketData.app */;
			productType = "com.apple.product-type.application";
		};
/* End PBXNativeTarget section */

/* Begin PBXProject section */
		1EEFD56D26BA9B3D00DAA9D5 /* Project object */ = {
			isa = PBXProject;
			attributes = {
				LastSwiftUpdateCheck = 1250;
				LastUpgradeCheck = 1250;
				TargetAttributes = {
					1E8AE22526BACFD7001C08F4 = {
						CreatedOnToolsVersion = 12.5.1;
						TestTargetID = 1EEFD57426BA9B3D00DAA9D5;
					};
					1EEFD57426BA9B3D00DAA9D5 = {
						CreatedOnToolsVersion = 12.5.1;
					};
				};
			};
			buildConfigurationList = 1EEFD57026BA9B3D00DAA9D5 /* Build configuration list for PBXProject "MarketData" */;
			compatibilityVersion = "Xcode 9.3";
			developmentRegion = en;
			hasScannedForEncodings = 0;
			knownRegions = (
				en,
				Base,
			);
			mainGroup = 1EEFD56C26BA9B3D00DAA9D5;
			packageReferences = (
				1EA1EAAB26BAE4440054089D /* XCRemoteSwiftPackageReference "SDWebImageSwiftUI" */,
			);
			productRefGroup = 1EEFD57626BA9B3D00DAA9D5 /* Products */;
			projectDirPath = "";
			projectRoot = "";
			targets = (
				1EEFD57426BA9B3D00DAA9D5 /* MarketData */,
				1E8AE22526BACFD7001C08F4 /* JsonParserTests */,
			);
		};
/* End PBXProject section */

/* Begin PBXResourcesBuildPhase section */
		1E8AE22426BACFD7001C08F4 /* Resources */ = {
			isa = PBXResourcesBuildPhase;
			buildActionMask = 2147483647;
			files = (
			);
			runOnlyForDeploymentPostprocessing = 0;
		};
		1EEFD57326BA9B3D00DAA9D5 /* Resources */ = {
			isa = PBXResourcesBuildPhase;
			buildActionMask = 2147483647;
			files = (
				1E8AE20526BACAAB001C08F4 /* StockInfoData.json in Resources */,
				1EEFD58026BA9B4200DAA9D5 /* Preview Assets.xcassets in Resources */,
				1EEFD57D26BA9B4200DAA9D5 /* Assets.xcassets in Resources */,
			);
			runOnlyForDeploymentPostprocessing = 0;
		};
/* End PBXResourcesBuildPhase section */

/* Begin PBXSourcesBuildPhase section */
		1E8AE22226BACFD7001C08F4 /* Sources */ = {
			isa = PBXSourcesBuildPhase;
			buildActionMask = 2147483647;
			files = (
				1E8AE22926BACFD7001C08F4 /* JsonParserTests.swift in Sources */,
			);
			runOnlyForDeploymentPostprocessing = 0;
		};
		1EEFD57126BA9B3D00DAA9D5 /* Sources */ = {
			isa = PBXSourcesBuildPhase;
			buildActionMask = 2147483647;
			files = (
				1E8AE20226BACA29001C08F4 /* JsonParser.swift in Sources */,
				1EEFD59026BAA27600DAA9D5 /* PriceInfoModel.swift in Sources */,
				1EEFD58A26BA9BFC00DAA9D5 /* StockRowView.swift in Sources */,
				1EEFD57B26BA9B3D00DAA9D5 /* ContentView.swift in Sources */,
				1E8AE1FF26BAC9CA001C08F4 /* StocksViewModel.swift in Sources */,
				1EA1EAAA26BAE3310054089D /* RoundedRectangleImageView.swift in Sources */,
				1EEFD58E26BA9E3500DAA9D5 /* StockInfoModel.swift in Sources */,
				1EEFD57926BA9B3D00DAA9D5 /* MarketDataApp.swift in Sources */,
				1EEFD59926BAA8A300DAA9D5 /* StockListView.swift in Sources */,
				1EEFD59526BAA2F800DAA9D5 /* Currency.swift in Sources */,
				1EA1EAAF26BAF95A0054089D /* StockDetailsView.swift in Sources */,
				1EEFD59326BAA2EF00DAA9D5 /* Amount.swift in Sources */,
			);
			runOnlyForDeploymentPostprocessing = 0;
		};
/* End PBXSourcesBuildPhase section */

/* Begin PBXTargetDependency section */
		1E8AE22C26BACFD7001C08F4 /* PBXTargetDependency */ = {
			isa = PBXTargetDependency;
			target = 1EEFD57426BA9B3D00DAA9D5 /* MarketData */;
			targetProxy = 1E8AE22B26BACFD7001C08F4 /* PBXContainerItemProxy */;
		};
/* End PBXTargetDependency section */

/* Begin XCBuildConfiguration section */
		1E8AE22D26BACFD7001C08F4 /* Debug */ = {
			isa = XCBuildConfiguration;
			buildSettings = {
				BUNDLE_LOADER = "$(TEST_HOST)";
				CODE_SIGN_STYLE = Automatic;
				DEVELOPMENT_TEAM = 33GXC7VWW4;
				INFOPLIST_FILE = JsonParserTests/Info.plist;
				LD_RUNPATH_SEARCH_PATHS = (
					"$(inherited)",
					"@executable_path/Frameworks",
					"@loader_path/Frameworks",
				);
				PRODUCT_BUNDLE_IDENTIFIER = com.johann.JsonParserTests;
				PRODUCT_NAME = "$(TARGET_NAME)";
				SWIFT_VERSION = 5.0;
				TARGETED_DEVICE_FAMILY = "1,2";
				TEST_HOST = "$(BUILT_PRODUCTS_DIR)/MarketData.app/MarketData";
			};
			name = Debug;
		};
		1E8AE22E26BACFD7001C08F4 /* Release */ = {
			isa = XCBuildConfiguration;
			buildSettings = {
				BUNDLE_LOADER = "$(TEST_HOST)";
				CODE_SIGN_STYLE = Automatic;
				DEVELOPMENT_TEAM = 33GXC7VWW4;
				INFOPLIST_FILE = JsonParserTests/Info.plist;
				LD_RUNPATH_SEARCH_PATHS = (
					"$(inherited)",
					"@executable_path/Frameworks",
					"@loader_path/Frameworks",
				);
				PRODUCT_BUNDLE_IDENTIFIER = com.johann.JsonParserTests;
				PRODUCT_NAME = "$(TARGET_NAME)";
				SWIFT_VERSION = 5.0;
				TARGETED_DEVICE_FAMILY = "1,2";
				TEST_HOST = "$(BUILT_PRODUCTS_DIR)/MarketData.app/MarketData";
			};
			name = Release;
		};
		1EEFD58226BA9B4200DAA9D5 /* Debug */ = {
			isa = XCBuildConfiguration;
			buildSettings = {
				ALWAYS_SEARCH_USER_PATHS = NO;
				CLANG_ANALYZER_NONNULL = YES;
				CLANG_ANALYZER_NUMBER_OBJECT_CONVERSION = YES_AGGRESSIVE;
				CLANG_CXX_LANGUAGE_STANDARD = "gnu++14";
				CLANG_CXX_LIBRARY = "libc++";
				CLANG_ENABLE_MODULES = YES;
				CLANG_ENABLE_OBJC_ARC = YES;
				CLANG_ENABLE_OBJC_WEAK = YES;
				CLANG_WARN_BLOCK_CAPTURE_AUTORELEASING = YES;
				CLANG_WARN_BOOL_CONVERSION = YES;
				CLANG_WARN_COMMA = YES;
				CLANG_WARN_CONSTANT_CONVERSION = YES;
				CLANG_WARN_DEPRECATED_OBJC_IMPLEMENTATIONS = YES;
				CLANG_WARN_DIRECT_OBJC_ISA_USAGE = YES_ERROR;
				CLANG_WARN_DOCUMENTATION_COMMENTS = YES;
				CLANG_WARN_EMPTY_BODY = YES;
				CLANG_WARN_ENUM_CONVERSION = YES;
				CLANG_WARN_INFINITE_RECURSION = YES;
				CLANG_WARN_INT_CONVERSION = YES;
				CLANG_WARN_NON_LITERAL_NULL_CONVERSION = YES;
				CLANG_WARN_OBJC_IMPLICIT_RETAIN_SELF = YES;
				CLANG_WARN_OBJC_LITERAL_CONVERSION = YES;
				CLANG_WARN_OBJC_ROOT_CLASS = YES_ERROR;
				CLANG_WARN_QUOTED_INCLUDE_IN_FRAMEWORK_HEADER = YES;
				CLANG_WARN_RANGE_LOOP_ANALYSIS = YES;
				CLANG_WARN_STRICT_PROTOTYPES = YES;
				CLANG_WARN_SUSPICIOUS_MOVE = YES;
				CLANG_WARN_UNGUARDED_AVAILABILITY = YES_AGGRESSIVE;
				CLANG_WARN_UNREACHABLE_CODE = YES;
				CLANG_WARN__DUPLICATE_METHOD_MATCH = YES;
				COPY_PHASE_STRIP = NO;
				DEBUG_INFORMATION_FORMAT = dwarf;
				ENABLE_STRICT_OBJC_MSGSEND = YES;
				ENABLE_TESTABILITY = YES;
				GCC_C_LANGUAGE_STANDARD = gnu11;
				GCC_DYNAMIC_NO_PIC = NO;
				GCC_NO_COMMON_BLOCKS = YES;
				GCC_OPTIMIZATION_LEVEL = 0;
				GCC_PREPROCESSOR_DEFINITIONS = (
					"DEBUG=1",
					"$(inherited)",
				);
				GCC_WARN_64_TO_32_BIT_CONVERSION = YES;
				GCC_WARN_ABOUT_RETURN_TYPE = YES_ERROR;
				GCC_WARN_UNDECLARED_SELECTOR = YES;
				GCC_WARN_UNINITIALIZED_AUTOS = YES_AGGRESSIVE;
				GCC_WARN_UNUSED_FUNCTION = YES;
				GCC_WARN_UNUSED_VARIABLE = YES;
				IPHONEOS_DEPLOYMENT_TARGET = 14.5;
				MTL_ENABLE_DEBUG_INFO = INCLUDE_SOURCE;
				MTL_FAST_MATH = YES;
				ONLY_ACTIVE_ARCH = YES;
				SDKROOT = iphoneos;
				SWIFT_ACTIVE_COMPILATION_CONDITIONS = DEBUG;
				SWIFT_OPTIMIZATION_LEVEL = "-Onone";
			};
			name = Debug;
		};
		1EEFD58326BA9B4200DAA9D5 /* Release */ = {
			isa = XCBuildConfiguration;
			buildSettings = {
				ALWAYS_SEARCH_USER_PATHS = NO;
				CLANG_ANALYZER_NONNULL = YES;
				CLANG_ANALYZER_NUMBER_OBJECT_CONVERSION = YES_AGGRESSIVE;
				CLANG_CXX_LANGUAGE_STANDARD = "gnu++14";
				CLANG_CXX_LIBRARY = "libc++";
				CLANG_ENABLE_MODULES = YES;
				CLANG_ENABLE_OBJC_ARC = YES;
				CLANG_ENABLE_OBJC_WEAK = YES;
				CLANG_WARN_BLOCK_CAPTURE_AUTORELEASING = YES;
				CLANG_WARN_BOOL_CONVERSION = YES;
				CLANG_WARN_COMMA = YES;
				CLANG_WARN_CONSTANT_CONVERSION = YES;
				CLANG_WARN_DEPRECATED_OBJC_IMPLEMENTATIONS = YES;
				CLANG_WARN_DIRECT_OBJC_ISA_USAGE = YES_ERROR;
				CLANG_WARN_DOCUMENTATION_COMMENTS = YES;
				CLANG_WARN_EMPTY_BODY = YES;
				CLANG_WARN_ENUM_CONVERSION = YES;
				CLANG_WARN_INFINITE_RECURSION = YES;
				CLANG_WARN_INT_CONVERSION = YES;
				CLANG_WARN_NON_LITERAL_NULL_CONVERSION = YES;
				CLANG_WARN_OBJC_IMPLICIT_RETAIN_SELF = YES;
				CLANG_WARN_OBJC_LITERAL_CONVERSION = YES;
				CLANG_WARN_OBJC_ROOT_CLASS = YES_ERROR;
				CLANG_WARN_QUOTED_INCLUDE_IN_FRAMEWORK_HEADER = YES;
				CLANG_WARN_RANGE_LOOP_ANALYSIS = YES;
				CLANG_WARN_STRICT_PROTOTYPES = YES;
				CLANG_WARN_SUSPICIOUS_MOVE = YES;
				CLANG_WARN_UNGUARDED_AVAILABILITY = YES_AGGRESSIVE;
				CLANG_WARN_UNREACHABLE_CODE = YES;
				CLANG_WARN__DUPLICATE_METHOD_MATCH = YES;
				COPY_PHASE_STRIP = NO;
				DEBUG_INFORMATION_FORMAT = "dwarf-with-dsym";
				ENABLE_NS_ASSERTIONS = NO;
				ENABLE_STRICT_OBJC_MSGSEND = YES;
				GCC_C_LANGUAGE_STANDARD = gnu11;
				GCC_NO_COMMON_BLOCKS = YES;
				GCC_WARN_64_TO_32_BIT_CONVERSION = YES;
				GCC_WARN_ABOUT_RETURN_TYPE = YES_ERROR;
				GCC_WARN_UNDECLARED_SELECTOR = YES;
				GCC_WARN_UNINITIALIZED_AUTOS = YES_AGGRESSIVE;
				GCC_WARN_UNUSED_FUNCTION = YES;
				GCC_WARN_UNUSED_VARIABLE = YES;
				IPHONEOS_DEPLOYMENT_TARGET = 14.5;
				MTL_ENABLE_DEBUG_INFO = NO;
				MTL_FAST_MATH = YES;
				SDKROOT = iphoneos;
				SWIFT_COMPILATION_MODE = wholemodule;
				SWIFT_OPTIMIZATION_LEVEL = "-O";
				VALIDATE_PRODUCT = YES;
			};
			name = Release;
		};
		1EEFD58526BA9B4200DAA9D5 /* Debug */ = {
			isa = XCBuildConfiguration;
			buildSettings = {
				ASSETCATALOG_COMPILER_APPICON_NAME = AppIcon;
				ASSETCATALOG_COMPILER_GLOBAL_ACCENT_COLOR_NAME = AccentColor;
				CODE_SIGN_STYLE = Automatic;
				DEVELOPMENT_ASSET_PATHS = "\"MarketData/Preview Content\"";
				DEVELOPMENT_TEAM = 33GXC7VWW4;
				ENABLE_PREVIEWS = YES;
				INFOPLIST_FILE = MarketData/Info.plist;
				IPHONEOS_DEPLOYMENT_TARGET = 14.0;
				LD_RUNPATH_SEARCH_PATHS = (
					"$(inherited)",
					"@executable_path/Frameworks",
				);
				PRODUCT_BUNDLE_IDENTIFIER = com.johann.MarketData;
				PRODUCT_NAME = "$(TARGET_NAME)";
				SWIFT_VERSION = 5.0;
				TARGETED_DEVICE_FAMILY = "1,2";
			};
			name = Debug;
		};
		1EEFD58626BA9B4200DAA9D5 /* Release */ = {
			isa = XCBuildConfiguration;
			buildSettings = {
				ASSETCATALOG_COMPILER_APPICON_NAME = AppIcon;
				ASSETCATALOG_COMPILER_GLOBAL_ACCENT_COLOR_NAME = AccentColor;
				CODE_SIGN_STYLE = Automatic;
				DEVELOPMENT_ASSET_PATHS = "\"MarketData/Preview Content\"";
				DEVELOPMENT_TEAM = 33GXC7VWW4;
				ENABLE_PREVIEWS = YES;
				INFOPLIST_FILE = MarketData/Info.plist;
				IPHONEOS_DEPLOYMENT_TARGET = 14.0;
				LD_RUNPATH_SEARCH_PATHS = (
					"$(inherited)",
					"@executable_path/Frameworks",
				);
				PRODUCT_BUNDLE_IDENTIFIER = com.johann.MarketData;
				PRODUCT_NAME = "$(TARGET_NAME)";
				SWIFT_VERSION = 5.0;
				TARGETED_DEVICE_FAMILY = "1,2";
			};
			name = Release;
		};
/* End XCBuildConfiguration section */

/* Begin XCConfigurationList section */
		1E8AE22F26BACFD7001C08F4 /* Build configuration list for PBXNativeTarget "JsonParserTests" */ = {
			isa = XCConfigurationList;
			buildConfigurations = (
				1E8AE22D26BACFD7001C08F4 /* Debug */,
				1E8AE22E26BACFD7001C08F4 /* Release */,
			);
			defaultConfigurationIsVisible = 0;
			defaultConfigurationName = Release;
		};
		1EEFD57026BA9B3D00DAA9D5 /* Build configuration list for PBXProject "MarketData" */ = {
			isa = XCConfigurationList;
			buildConfigurations = (
				1EEFD58226BA9B4200DAA9D5 /* Debug */,
				1EEFD58326BA9B4200DAA9D5 /* Release */,
			);
			defaultConfigurationIsVisible = 0;
			defaultConfigurationName = Release;
		};
		1EEFD58426BA9B4200DAA9D5 /* Build configuration list for PBXNativeTarget "MarketData" */ = {
			isa = XCConfigurationList;
			buildConfigurations = (
				1EEFD58526BA9B4200DAA9D5 /* Debug */,
				1EEFD58626BA9B4200DAA9D5 /* Release */,
			);
			defaultConfigurationIsVisible = 0;
			defaultConfigurationName = Release;
		};
/* End XCConfigurationList section */

/* Begin XCRemoteSwiftPackageReference section */
		1EA1EAAB26BAE4440054089D /* XCRemoteSwiftPackageReference "SDWebImageSwiftUI" */ = {
			isa = XCRemoteSwiftPackageReference;
			repositoryURL = "https://github.com/SDWebImage/SDWebImageSwiftUI.git";
			requirement = {
				kind = upToNextMajorVersion;
				minimumVersion = 2.0.2;
			};
		};
/* End XCRemoteSwiftPackageReference section */

/* Begin XCSwiftPackageProductDependency section */
		1EA1EAAC26BAE4440054089D /* SDWebImageSwiftUI */ = {
			isa = XCSwiftPackageProductDependency;
			package = 1EA1EAAB26BAE4440054089D /* XCRemoteSwiftPackageReference "SDWebImageSwiftUI" */;
			productName = SDWebImageSwiftUI;
		};
/* End XCSwiftPackageProductDependency section */
	};
	rootObject = 1EEFD56D26BA9B3D00DAA9D5 /* Project object */;
}
