// !$*UTF8*$!
{
	archiveVersion = 1;
	classes = {
	};
	objectVersion = 52;
	objects = {

/* Begin PBXBuildFile section */
		1E044D5626BB97E90050A8B7 /* StockInfoData.json in Resources */ = {isa = PBXBuildFile; fileRef = 1E044D5526BB97E90050A8B7 /* StockInfoData.json */; };
		1E044D5E26BB9CD80050A8B7 /* MarketDataTests.swift in Sources */ = {isa = PBXBuildFile; fileRef = 1E044D5D26BB9CD80050A8B7 /* MarketDataTests.swift */; };
		1E044D6826BB9D160050A8B7 /* JsonParser.swift in Sources */ = {isa = PBXBuildFile; fileRef = 1E044D6726BB9D160050A8B7 /* JsonParser.swift */; };
		1E044D6C26BBA2410050A8B7 /* StockListViewModel.swift in Sources */ = {isa = PBXBuildFile; fileRef = 1E044D6B26BBA2410050A8B7 /* StockListViewModel.swift */; };
		1E044D6F26BBB5D30050A8B7 /* SDWebImageSwiftUI in Frameworks */ = {isa = PBXBuildFile; productRef = 1E044D6E26BBB5D30050A8B7 /* SDWebImageSwiftUI */; };
		1E2DE4B826BF989B00D49572 /* StockDetailsViewModel.swift in Sources */ = {isa = PBXBuildFile; fileRef = 1E2DE4B726BF989B00D49572 /* StockDetailsViewModel.swift */; };
		1E2DE4BB26BF98E100D49572 /* ChartType.swift in Sources */ = {isa = PBXBuildFile; fileRef = 1E2DE4BA26BF98E100D49572 /* ChartType.swift */; };
		1E2DE4BD26BF99F700D49572 /* ChartDataRsDTO.swift in Sources */ = {isa = PBXBuildFile; fileRef = 1E2DE4BC26BF99F700D49572 /* ChartDataRsDTO.swift */; };
		1E2DE4C426BF9F0D00D49572 /* JsonDataTests.swift in Sources */ = {isa = PBXBuildFile; fileRef = 1E2DE4C326BF9F0D00D49572 /* JsonDataTests.swift */; };
		1E2DE4C626BFA17C00D49572 /* DayChartData.json in Resources */ = {isa = PBXBuildFile; fileRef = 1E2DE4C526BFA17C00D49572 /* DayChartData.json */; };
		1E2DE4C826BFA28A00D49572 /* ChartDataPoint.swift in Sources */ = {isa = PBXBuildFile; fileRef = 1E2DE4C726BFA28A00D49572 /* ChartDataPoint.swift */; };
		1E2DE4CB26BFA90500D49572 /* Charts in Frameworks */ = {isa = PBXBuildFile; productRef = 1E2DE4CA26BFA90500D49572 /* Charts */; };
		1E2DE4CD26BFA90500D49572 /* ChartsDynamic in Frameworks */ = {isa = PBXBuildFile; productRef = 1E2DE4CC26BFA90500D49572 /* ChartsDynamic */; };
		1E2DE4CE26BFA90500D49572 /* ChartsDynamic in Embed Frameworks */ = {isa = PBXBuildFile; productRef = 1E2DE4CC26BFA90500D49572 /* ChartsDynamic */; settings = {ATTRIBUTES = (CodeSignOnCopy, ); }; };
		1E71DB4026BBC283005E2B27 /* StockDetailsView.swift in Sources */ = {isa = PBXBuildFile; fileRef = 1E71DB3F26BBC283005E2B27 /* StockDetailsView.swift */; };
		1E71DB4326BBCD86005E2B27 /* MockStockListDataService.swift in Sources */ = {isa = PBXBuildFile; fileRef = 1E71DB4226BBCD86005E2B27 /* MockStockListDataService.swift */; };
		1E71DB4526BBDD55005E2B27 /* StockListService.swift in Sources */ = {isa = PBXBuildFile; fileRef = 1E71DB4426BBDD55005E2B27 /* StockListService.swift */; };
		1E71DB4F26BBE66F005E2B27 /* MockDelay.swift in Sources */ = {isa = PBXBuildFile; fileRef = 1E71DB4E26BBE66F005E2B27 /* MockDelay.swift */; };
		1E7DCE2026BD160A00AAF8B0 /* StockListDataService.swift in Sources */ = {isa = PBXBuildFile; fileRef = 1E7DCE1F26BD160A00AAF8B0 /* StockListDataService.swift */; };
		1E7DCE2226BD178700AAF8B0 /* StockListDataServiceTests.swift in Sources */ = {isa = PBXBuildFile; fileRef = 1E7DCE2126BD178700AAF8B0 /* StockListDataServiceTests.swift */; };
		1E7DCE2426BD27F400AAF8B0 /* StockListServiceError.swift in Sources */ = {isa = PBXBuildFile; fileRef = 1E7DCE2326BD27F400AAF8B0 /* StockListServiceError.swift */; };
		1EBD122B26BBB7D6008ED4FF /* RoundedRectangleImageView.swift in Sources */ = {isa = PBXBuildFile; fileRef = 1EBD122A26BBB7D6008ED4FF /* RoundedRectangleImageView.swift */; };
		1EEFD57926BA9B3D00DAA9D5 /* MarketDataApp.swift in Sources */ = {isa = PBXBuildFile; fileRef = 1EEFD57826BA9B3D00DAA9D5 /* MarketDataApp.swift */; };
		1EEFD57B26BA9B3D00DAA9D5 /* ContentView.swift in Sources */ = {isa = PBXBuildFile; fileRef = 1EEFD57A26BA9B3D00DAA9D5 /* ContentView.swift */; };
		1EEFD57D26BA9B4200DAA9D5 /* Assets.xcassets in Resources */ = {isa = PBXBuildFile; fileRef = 1EEFD57C26BA9B4200DAA9D5 /* Assets.xcassets */; };
		1EEFD58026BA9B4200DAA9D5 /* Preview Assets.xcassets in Resources */ = {isa = PBXBuildFile; fileRef = 1EEFD57F26BA9B4200DAA9D5 /* Preview Assets.xcassets */; };
		1EEFD58A26BA9BFC00DAA9D5 /* StockRowView.swift in Sources */ = {isa = PBXBuildFile; fileRef = 1EEFD58926BA9BFC00DAA9D5 /* StockRowView.swift */; };
		1EEFD58E26BA9E3500DAA9D5 /* StockInfoModel.swift in Sources */ = {isa = PBXBuildFile; fileRef = 1EEFD58D26BA9E3500DAA9D5 /* StockInfoModel.swift */; };
		1EEFD59026BAA27600DAA9D5 /* PriceInfo.swift in Sources */ = {isa = PBXBuildFile; fileRef = 1EEFD58F26BAA27600DAA9D5 /* PriceInfo.swift */; };
		1EEFD59326BAA2EF00DAA9D5 /* Amount.swift in Sources */ = {isa = PBXBuildFile; fileRef = 1EEFD59226BAA2EF00DAA9D5 /* Amount.swift */; };
		1EEFD59526BAA2F800DAA9D5 /* Currency.swift in Sources */ = {isa = PBXBuildFile; fileRef = 1EEFD59426BAA2F800DAA9D5 /* Currency.swift */; };
		1EEFD59926BAA8A300DAA9D5 /* StockListView.swift in Sources */ = {isa = PBXBuildFile; fileRef = 1EEFD59826BAA8A300DAA9D5 /* StockListView.swift */; };
/* End PBXBuildFile section */

/* Begin PBXContainerItemProxy section */
		1E044D6026BB9CD80050A8B7 /* PBXContainerItemProxy */ = {
			isa = PBXContainerItemProxy;
			containerPortal = 1EEFD56D26BA9B3D00DAA9D5 /* Project object */;
			proxyType = 1;
			remoteGlobalIDString = 1EEFD57426BA9B3D00DAA9D5;
			remoteInfo = MarketData;
		};
/* End PBXContainerItemProxy section */

/* Begin PBXCopyFilesBuildPhase section */
		1E2DE4CF26BFA90600D49572 /* Embed Frameworks */ = {
			isa = PBXCopyFilesBuildPhase;
			buildActionMask = 2147483647;
			dstPath = "";
			dstSubfolderSpec = 10;
			files = (
				1E2DE4CE26BFA90500D49572 /* ChartsDynamic in Embed Frameworks */,
			);
			name = "Embed Frameworks";
			runOnlyForDeploymentPostprocessing = 0;
		};
/* End PBXCopyFilesBuildPhase section */

/* Begin PBXFileReference section */
		1E044D5526BB97E90050A8B7 /* StockInfoData.json */ = {isa = PBXFileReference; lastKnownFileType = text.json; path = StockInfoData.json; sourceTree = "<group>"; };
		1E044D5B26BB9CD80050A8B7 /* MarketDataTests.xctest */ = {isa = PBXFileReference; explicitFileType = wrapper.cfbundle; includeInIndex = 0; path = MarketDataTests.xctest; sourceTree = BUILT_PRODUCTS_DIR; };
		1E044D5D26BB9CD80050A8B7 /* MarketDataTests.swift */ = {isa = PBXFileReference; lastKnownFileType = sourcecode.swift; path = MarketDataTests.swift; sourceTree = "<group>"; };
		1E044D5F26BB9CD80050A8B7 /* Info.plist */ = {isa = PBXFileReference; lastKnownFileType = text.plist.xml; path = Info.plist; sourceTree = "<group>"; };
		1E044D6726BB9D160050A8B7 /* JsonParser.swift */ = {isa = PBXFileReference; lastKnownFileType = sourcecode.swift; path = JsonParser.swift; sourceTree = "<group>"; };
		1E044D6B26BBA2410050A8B7 /* StockListViewModel.swift */ = {isa = PBXFileReference; lastKnownFileType = sourcecode.swift; path = StockListViewModel.swift; sourceTree = "<group>"; };
		1E2DE4B726BF989B00D49572 /* StockDetailsViewModel.swift */ = {isa = PBXFileReference; lastKnownFileType = sourcecode.swift; path = StockDetailsViewModel.swift; sourceTree = "<group>"; };
		1E2DE4BA26BF98E100D49572 /* ChartType.swift */ = {isa = PBXFileReference; lastKnownFileType = sourcecode.swift; path = ChartType.swift; sourceTree = "<group>"; };
		1E2DE4BC26BF99F700D49572 /* ChartDataRsDTO.swift */ = {isa = PBXFileReference; lastKnownFileType = sourcecode.swift; path = ChartDataRsDTO.swift; sourceTree = "<group>"; };
		1E2DE4C326BF9F0D00D49572 /* JsonDataTests.swift */ = {isa = PBXFileReference; lastKnownFileType = sourcecode.swift; path = JsonDataTests.swift; sourceTree = "<group>"; };
		1E2DE4C526BFA17C00D49572 /* DayChartData.json */ = {isa = PBXFileReference; lastKnownFileType = text.json; path = DayChartData.json; sourceTree = "<group>"; };
		1E2DE4C726BFA28A00D49572 /* ChartDataPoint.swift */ = {isa = PBXFileReference; lastKnownFileType = sourcecode.swift; path = ChartDataPoint.swift; sourceTree = "<group>"; };
		1E71DB3F26BBC283005E2B27 /* StockDetailsView.swift */ = {isa = PBXFileReference; lastKnownFileType = sourcecode.swift; path = StockDetailsView.swift; sourceTree = "<group>"; };
		1E71DB4226BBCD86005E2B27 /* MockStockListDataService.swift */ = {isa = PBXFileReference; lastKnownFileType = sourcecode.swift; path = MockStockListDataService.swift; sourceTree = "<group>"; };
		1E71DB4426BBDD55005E2B27 /* StockListService.swift */ = {isa = PBXFileReference; lastKnownFileType = sourcecode.swift; path = StockListService.swift; sourceTree = "<group>"; };
		1E71DB4E26BBE66F005E2B27 /* MockDelay.swift */ = {isa = PBXFileReference; lastKnownFileType = sourcecode.swift; path = MockDelay.swift; sourceTree = "<group>"; };
		1E7DCE1F26BD160A00AAF8B0 /* StockListDataService.swift */ = {isa = PBXFileReference; lastKnownFileType = sourcecode.swift; path = StockListDataService.swift; sourceTree = "<group>"; };
		1E7DCE2126BD178700AAF8B0 /* StockListDataServiceTests.swift */ = {isa = PBXFileReference; lastKnownFileType = sourcecode.swift; path = StockListDataServiceTests.swift; sourceTree = "<group>"; };
		1E7DCE2326BD27F400AAF8B0 /* StockListServiceError.swift */ = {isa = PBXFileReference; lastKnownFileType = sourcecode.swift; path = StockListServiceError.swift; sourceTree = "<group>"; };
		1EBD122A26BBB7D6008ED4FF /* RoundedRectangleImageView.swift */ = {isa = PBXFileReference; lastKnownFileType = sourcecode.swift; path = RoundedRectangleImageView.swift; sourceTree = "<group>"; };
		1EEFD57526BA9B3D00DAA9D5 /* MarketData.app */ = {isa = PBXFileReference; explicitFileType = wrapper.application; includeInIndex = 0; path = MarketData.app; sourceTree = BUILT_PRODUCTS_DIR; };
		1EEFD57826BA9B3D00DAA9D5 /* MarketDataApp.swift */ = {isa = PBXFileReference; lastKnownFileType = sourcecode.swift; path = MarketDataApp.swift; sourceTree = "<group>"; };
		1EEFD57A26BA9B3D00DAA9D5 /* ContentView.swift */ = {isa = PBXFileReference; lastKnownFileType = sourcecode.swift; path = ContentView.swift; sourceTree = "<group>"; };
		1EEFD57C26BA9B4200DAA9D5 /* Assets.xcassets */ = {isa = PBXFileReference; lastKnownFileType = folder.assetcatalog; path = Assets.xcassets; sourceTree = "<group>"; };
		1EEFD57F26BA9B4200DAA9D5 /* Preview Assets.xcassets */ = {isa = PBXFileReference; lastKnownFileType = folder.assetcatalog; path = "Preview Assets.xcassets"; sourceTree = "<group>"; };
		1EEFD58126BA9B4200DAA9D5 /* Info.plist */ = {isa = PBXFileReference; lastKnownFileType = text.plist.xml; path = Info.plist; sourceTree = "<group>"; };
		1EEFD58926BA9BFC00DAA9D5 /* StockRowView.swift */ = {isa = PBXFileReference; lastKnownFileType = sourcecode.swift; path = StockRowView.swift; sourceTree = "<group>"; };
		1EEFD58D26BA9E3500DAA9D5 /* StockInfoModel.swift */ = {isa = PBXFileReference; lastKnownFileType = sourcecode.swift; path = StockInfoModel.swift; sourceTree = "<group>"; };
		1EEFD58F26BAA27600DAA9D5 /* PriceInfo.swift */ = {isa = PBXFileReference; lastKnownFileType = sourcecode.swift; path = PriceInfo.swift; sourceTree = "<group>"; };
		1EEFD59226BAA2EF00DAA9D5 /* Amount.swift */ = {isa = PBXFileReference; lastKnownFileType = sourcecode.swift; path = Amount.swift; sourceTree = "<group>"; };
		1EEFD59426BAA2F800DAA9D5 /* Currency.swift */ = {isa = PBXFileReference; lastKnownFileType = sourcecode.swift; path = Currency.swift; sourceTree = "<group>"; };
		1EEFD59826BAA8A300DAA9D5 /* StockListView.swift */ = {isa = PBXFileReference; lastKnownFileType = sourcecode.swift; path = StockListView.swift; sourceTree = "<group>"; };
/* End PBXFileReference section */

/* Begin PBXFrameworksBuildPhase section */
		1E044D5826BB9CD80050A8B7 /* Frameworks */ = {
			isa = PBXFrameworksBuildPhase;
			buildActionMask = 2147483647;
			files = (
			);
			runOnlyForDeploymentPostprocessing = 0;
		};
		1EEFD57226BA9B3D00DAA9D5 /* Frameworks */ = {
			isa = PBXFrameworksBuildPhase;
			buildActionMask = 2147483647;
			files = (
				1E2DE4CD26BFA90500D49572 /* ChartsDynamic in Frameworks */,
				1E044D6F26BBB5D30050A8B7 /* SDWebImageSwiftUI in Frameworks */,
				1E2DE4CB26BFA90500D49572 /* Charts in Frameworks */,
			);
			runOnlyForDeploymentPostprocessing = 0;
		};
/* End PBXFrameworksBuildPhase section */

/* Begin PBXGroup section */
		1E044D5426BB971B0050A8B7 /* Resources */ = {
			isa = PBXGroup;
			children = (
				1E044D5526BB97E90050A8B7 /* StockInfoData.json */,
				1E2DE4C526BFA17C00D49572 /* DayChartData.json */,
			);
			path = Resources;
			sourceTree = "<group>";
		};
		1E044D5C26BB9CD80050A8B7 /* MarketDataTests */ = {
			isa = PBXGroup;
			children = (
				1E044D5D26BB9CD80050A8B7 /* MarketDataTests.swift */,
				1E044D5F26BB9CD80050A8B7 /* Info.plist */,
				1E7DCE2126BD178700AAF8B0 /* StockListDataServiceTests.swift */,
				1E2DE4C326BF9F0D00D49572 /* JsonDataTests.swift */,
			);
			path = MarketDataTests;
			sourceTree = "<group>";
		};
		1E044D6526BB9CFB0050A8B7 /* Utilities */ = {
			isa = PBXGroup;
			children = (
				1E044D6726BB9D160050A8B7 /* JsonParser.swift */,
			);
			path = Utilities;
			sourceTree = "<group>";
		};
		1E044D6626BB9D030050A8B7 /* Models */ = {
			isa = PBXGroup;
			children = (
				1EEFD59226BAA2EF00DAA9D5 /* Amount.swift */,
				1EEFD59426BAA2F800DAA9D5 /* Currency.swift */,
			);
			path = Models;
			sourceTree = "<group>";
		};
		1E044D6926BBA1940050A8B7 /* StockList */ = {
			isa = PBXGroup;
			children = (
				1E044D6A26BBA1B90050A8B7 /* Views */,
				1EEFD58C26BA9E0A00DAA9D5 /* Models */,
				1E044D6B26BBA2410050A8B7 /* StockListViewModel.swift */,
			);
			path = StockList;
			sourceTree = "<group>";
		};
		1E044D6A26BBA1B90050A8B7 /* Views */ = {
			isa = PBXGroup;
			children = (
				1EEFD59826BAA8A300DAA9D5 /* StockListView.swift */,
				1EEFD58926BA9BFC00DAA9D5 /* StockRowView.swift */,
			);
			path = Views;
			sourceTree = "<group>";
		};
		1E2DE4B926BF98CA00D49572 /* Utils */ = {
			isa = PBXGroup;
			children = (
				1E2DE4BA26BF98E100D49572 /* ChartType.swift */,
				1E2DE4C726BFA28A00D49572 /* ChartDataPoint.swift */,
			);
			path = Utils;
			sourceTree = "<group>";
		};
		1E71DB3C26BBC253005E2B27 /* StockDetails */ = {
			isa = PBXGroup;
			children = (
				1E2DE4B926BF98CA00D49572 /* Utils */,
				1E71DB3E26BBC26A005E2B27 /* Models */,
				1E71DB3D26BBC262005E2B27 /* Views */,
				1E2DE4B726BF989B00D49572 /* StockDetailsViewModel.swift */,
			);
			path = StockDetails;
			sourceTree = "<group>";
		};
		1E71DB3D26BBC262005E2B27 /* Views */ = {
			isa = PBXGroup;
			children = (
				1E71DB3F26BBC283005E2B27 /* StockDetailsView.swift */,
			);
			path = Views;
			sourceTree = "<group>";
		};
		1E71DB3E26BBC26A005E2B27 /* Models */ = {
			isa = PBXGroup;
			children = (
				1E2DE4BC26BF99F700D49572 /* ChartDataRsDTO.swift */,
			);
			path = Models;
			sourceTree = "<group>";
		};
		1E71DB4126BBCD54005E2B27 /* Services */ = {
			isa = PBXGroup;
			children = (
				1E7DCE1E26BD15CB00AAF8B0 /* StockListServices */,
			);
			path = Services;
			sourceTree = "<group>";
		};
		1E71DB4C26BBE65D005E2B27 /* Mock */ = {
			isa = PBXGroup;
			children = (
				1E71DB4226BBCD86005E2B27 /* MockStockListDataService.swift */,
				1E71DB4D26BBE661005E2B27 /* Utilities */,
			);
			path = Mock;
			sourceTree = "<group>";
		};
		1E71DB4D26BBE661005E2B27 /* Utilities */ = {
			isa = PBXGroup;
			children = (
				1E71DB4E26BBE66F005E2B27 /* MockDelay.swift */,
			);
			path = Utilities;
			sourceTree = "<group>";
		};
		1E7DCE1E26BD15CB00AAF8B0 /* StockListServices */ = {
			isa = PBXGroup;
			children = (
				1E71DB4426BBDD55005E2B27 /* StockListService.swift */,
				1E71DB4C26BBE65D005E2B27 /* Mock */,
				1E7DCE1F26BD160A00AAF8B0 /* StockListDataService.swift */,
				1E7DCE2326BD27F400AAF8B0 /* StockListServiceError.swift */,
			);
			path = StockListServices;
			sourceTree = "<group>";
		};
		1EBD122726BBB7B0008ED4FF /* Views */ = {
			isa = PBXGroup;
			children = (
				1EBD122A26BBB7D6008ED4FF /* RoundedRectangleImageView.swift */,
			);
			path = Views;
			sourceTree = "<group>";
		};
		1EEFD56C26BA9B3D00DAA9D5 = {
			isa = PBXGroup;
			children = (
				1EEFD57726BA9B3D00DAA9D5 /* MarketData */,
				1E044D5C26BB9CD80050A8B7 /* MarketDataTests */,
				1EEFD57626BA9B3D00DAA9D5 /* Products */,
			);
			sourceTree = "<group>";
		};
		1EEFD57626BA9B3D00DAA9D5 /* Products */ = {
			isa = PBXGroup;
			children = (
				1EEFD57526BA9B3D00DAA9D5 /* MarketData.app */,
				1E044D5B26BB9CD80050A8B7 /* MarketDataTests.xctest */,
			);
			name = Products;
			sourceTree = "<group>";
		};
		1EEFD57726BA9B3D00DAA9D5 /* MarketData */ = {
			isa = PBXGroup;
			children = (
				1E71DB4126BBCD54005E2B27 /* Services */,
				1E71DB3C26BBC253005E2B27 /* StockDetails */,
				1E044D6926BBA1940050A8B7 /* StockList */,
				1E044D5426BB971B0050A8B7 /* Resources */,
				1EEFD59126BAA2DA00DAA9D5 /* Common */,
				1EEFD57826BA9B3D00DAA9D5 /* MarketDataApp.swift */,
				1EEFD57A26BA9B3D00DAA9D5 /* ContentView.swift */,
				1EEFD57C26BA9B4200DAA9D5 /* Assets.xcassets */,
				1EEFD58126BA9B4200DAA9D5 /* Info.plist */,
				1EEFD57E26BA9B4200DAA9D5 /* Preview Content */,
			);
			path = MarketData;
			sourceTree = "<group>";
		};
		1EEFD57E26BA9B4200DAA9D5 /* Preview Content */ = {
			isa = PBXGroup;
			children = (
				1EEFD57F26BA9B4200DAA9D5 /* Preview Assets.xcassets */,
			);
			path = "Preview Content";
			sourceTree = "<group>";
		};
		1EEFD58C26BA9E0A00DAA9D5 /* Models */ = {
			isa = PBXGroup;
			children = (
				1EEFD58D26BA9E3500DAA9D5 /* StockInfoModel.swift */,
				1EEFD58F26BAA27600DAA9D5 /* PriceInfo.swift */,
			);
			path = Models;
			sourceTree = "<group>";
		};
		1EEFD59126BAA2DA00DAA9D5 /* Common */ = {
			isa = PBXGroup;
			children = (
				1EBD122726BBB7B0008ED4FF /* Views */,
				1E044D6626BB9D030050A8B7 /* Models */,
				1E044D6526BB9CFB0050A8B7 /* Utilities */,
			);
			path = Common;
			sourceTree = "<group>";
		};
/* End PBXGroup section */

/* Begin PBXNativeTarget section */
		1E044D5A26BB9CD80050A8B7 /* MarketDataTests */ = {
			isa = PBXNativeTarget;
			buildConfigurationList = 1E044D6226BB9CD80050A8B7 /* Build configuration list for PBXNativeTarget "MarketDataTests" */;
			buildPhases = (
				1E044D5726BB9CD80050A8B7 /* Sources */,
				1E044D5826BB9CD80050A8B7 /* Frameworks */,
				1E044D5926BB9CD80050A8B7 /* Resources */,
			);
			buildRules = (
			);
			dependencies = (
				1E044D6126BB9CD80050A8B7 /* PBXTargetDependency */,
			);
			name = MarketDataTests;
			productName = MarketDataTests;
			productReference = 1E044D5B26BB9CD80050A8B7 /* MarketDataTests.xctest */;
			productType = "com.apple.product-type.bundle.unit-test";
		};
		1EEFD57426BA9B3D00DAA9D5 /* MarketData */ = {
			isa = PBXNativeTarget;
			buildConfigurationList = 1EEFD58426BA9B4200DAA9D5 /* Build configuration list for PBXNativeTarget "MarketData" */;
			buildPhases = (
				1EEFD57126BA9B3D00DAA9D5 /* Sources */,
				1EEFD57226BA9B3D00DAA9D5 /* Frameworks */,
				1EEFD57326BA9B3D00DAA9D5 /* Resources */,
				1E2DE4CF26BFA90600D49572 /* Embed Frameworks */,
			);
			buildRules = (
			);
			dependencies = (
			);
			name = MarketData;
			packageProductDependencies = (
				1E044D6E26BBB5D30050A8B7 /* SDWebImageSwiftUI */,
				1E2DE4CA26BFA90500D49572 /* Charts */,
				1E2DE4CC26BFA90500D49572 /* ChartsDynamic */,
			);
			productName = MarketData;
			productReference = 1EEFD57526BA9B3D00DAA9D5 /* MarketData.app */;
			productType = "com.apple.product-type.application";
		};
/* End PBXNativeTarget section */

/* Begin PBXProject section */
		1EEFD56D26BA9B3D00DAA9D5 /* Project object */ = {
			isa = PBXProject;
			attributes = {
				LastSwiftUpdateCheck = 1250;
				LastUpgradeCheck = 1250;
				TargetAttributes = {
					1E044D5A26BB9CD80050A8B7 = {
						CreatedOnToolsVersion = 12.5.1;
						TestTargetID = 1EEFD57426BA9B3D00DAA9D5;
					};
					1EEFD57426BA9B3D00DAA9D5 = {
						CreatedOnToolsVersion = 12.5.1;
					};
				};
			};
			buildConfigurationList = 1EEFD57026BA9B3D00DAA9D5 /* Build configuration list for PBXProject "MarketData" */;
			compatibilityVersion = "Xcode 9.3";
			developmentRegion = en;
			hasScannedForEncodings = 0;
			knownRegions = (
				en,
				Base,
			);
			mainGroup = 1EEFD56C26BA9B3D00DAA9D5;
			packageReferences = (
				1E044D6D26BBB5D30050A8B7 /* XCRemoteSwiftPackageReference "SDWebImageSwiftUI" */,
				1E2DE4C926BFA90500D49572 /* XCRemoteSwiftPackageReference "Charts" */,
			);
			productRefGroup = 1EEFD57626BA9B3D00DAA9D5 /* Products */;
			projectDirPath = "";
			projectRoot = "";
			targets = (
				1EEFD57426BA9B3D00DAA9D5 /* MarketData */,
				1E044D5A26BB9CD80050A8B7 /* MarketDataTests */,
			);
		};
/* End PBXProject section */

/* Begin PBXResourcesBuildPhase section */
		1E044D5926BB9CD80050A8B7 /* Resources */ = {
			isa = PBXResourcesBuildPhase;
			buildActionMask = 2147483647;
			files = (
			);
			runOnlyForDeploymentPostprocessing = 0;
		};
		1EEFD57326BA9B3D00DAA9D5 /* Resources */ = {
			isa = PBXResourcesBuildPhase;
			buildActionMask = 2147483647;
			files = (
				1E044D5626BB97E90050A8B7 /* StockInfoData.json in Resources */,
				1EEFD58026BA9B4200DAA9D5 /* Preview Assets.xcassets in Resources */,
				1EEFD57D26BA9B4200DAA9D5 /* Assets.xcassets in Resources */,
				1E2DE4C626BFA17C00D49572 /* DayChartData.json in Resources */,
			);
			runOnlyForDeploymentPostprocessing = 0;
		};
/* End PBXResourcesBuildPhase section */

/* Begin PBXSourcesBuildPhase section */
		1E044D5726BB9CD80050A8B7 /* Sources */ = {
			isa = PBXSourcesBuildPhase;
			buildActionMask = 2147483647;
			files = (
				1E7DCE2226BD178700AAF8B0 /* StockListDataServiceTests.swift in Sources */,
				1E2DE4C426BF9F0D00D49572 /* JsonDataTests.swift in Sources */,
				1E044D5E26BB9CD80050A8B7 /* MarketDataTests.swift in Sources */,
			);
			runOnlyForDeploymentPostprocessing = 0;
		};
		1EEFD57126BA9B3D00DAA9D5 /* Sources */ = {
			isa = PBXSourcesBuildPhase;
			buildActionMask = 2147483647;
			files = (
				1E2DE4BB26BF98E100D49572 /* ChartType.swift in Sources */,
				1E2DE4B826BF989B00D49572 /* StockDetailsViewModel.swift in Sources */,
				1E71DB4326BBCD86005E2B27 /* MockStockListDataService.swift in Sources */,
				1EEFD59026BAA27600DAA9D5 /* PriceInfo.swift in Sources */,
				1E71DB4526BBDD55005E2B27 /* StockListService.swift in Sources */,
				1EEFD58A26BA9BFC00DAA9D5 /* StockRowView.swift in Sources */,
				1E71DB4026BBC283005E2B27 /* StockDetailsView.swift in Sources */,
				1E2DE4BD26BF99F700D49572 /* ChartDataRsDTO.swift in Sources */,
				1E7DCE2026BD160A00AAF8B0 /* StockListDataService.swift in Sources */,
				1EEFD57B26BA9B3D00DAA9D5 /* ContentView.swift in Sources */,
				1EEFD58E26BA9E3500DAA9D5 /* StockInfoModel.swift in Sources */,
				1E7DCE2426BD27F400AAF8B0 /* StockListServiceError.swift in Sources */,
				1EEFD57926BA9B3D00DAA9D5 /* MarketDataApp.swift in Sources */,
				1EBD122B26BBB7D6008ED4FF /* RoundedRectangleImageView.swift in Sources */,
				1E044D6826BB9D160050A8B7 /* JsonParser.swift in Sources */,
				1E2DE4C826BFA28A00D49572 /* ChartDataPoint.swift in Sources */,
				1EEFD59926BAA8A300DAA9D5 /* StockListView.swift in Sources */,
				1EEFD59526BAA2F800DAA9D5 /* Currency.swift in Sources */,
				1EEFD59326BAA2EF00DAA9D5 /* Amount.swift in Sources */,
				1E044D6C26BBA2410050A8B7 /* StockListViewModel.swift in Sources */,
				1E71DB4F26BBE66F005E2B27 /* MockDelay.swift in Sources */,
			);
			runOnlyForDeploymentPostprocessing = 0;
		};
/* End PBXSourcesBuildPhase section */

/* Begin PBXTargetDependency section */
		1E044D6126BB9CD80050A8B7 /* PBXTargetDependency */ = {
			isa = PBXTargetDependency;
			target = 1EEFD57426BA9B3D00DAA9D5 /* MarketData */;
			targetProxy = 1E044D6026BB9CD80050A8B7 /* PBXContainerItemProxy */;
		};
/* End PBXTargetDependency section */

/* Begin XCBuildConfiguration section */
		1E044D6326BB9CD80050A8B7 /* Debug */ = {
			isa = XCBuildConfiguration;
			buildSettings = {
				BUNDLE_LOADER = "$(TEST_HOST)";
				CODE_SIGN_STYLE = Automatic;
				DEVELOPMENT_TEAM = 33GXC7VWW4;
				INFOPLIST_FILE = MarketDataTests/Info.plist;
				LD_RUNPATH_SEARCH_PATHS = (
					"$(inherited)",
					"@executable_path/Frameworks",
					"@loader_path/Frameworks",
				);
				PRODUCT_BUNDLE_IDENTIFIER = com.johann.MarketDataTests;
				PRODUCT_NAME = "$(TARGET_NAME)";
				SWIFT_VERSION = 5.0;
				TARGETED_DEVICE_FAMILY = "1,2";
				TEST_HOST = "$(BUILT_PRODUCTS_DIR)/MarketData.app/MarketData";
			};
			name = Debug;
		};
		1E044D6426BB9CD80050A8B7 /* Release */ = {
			isa = XCBuildConfiguration;
			buildSettings = {
				BUNDLE_LOADER = "$(TEST_HOST)";
				CODE_SIGN_STYLE = Automatic;
				DEVELOPMENT_TEAM = 33GXC7VWW4;
				INFOPLIST_FILE = MarketDataTests/Info.plist;
				LD_RUNPATH_SEARCH_PATHS = (
					"$(inherited)",
					"@executable_path/Frameworks",
					"@loader_path/Frameworks",
				);
				PRODUCT_BUNDLE_IDENTIFIER = com.johann.MarketDataTests;
				PRODUCT_NAME = "$(TARGET_NAME)";
				SWIFT_VERSION = 5.0;
				TARGETED_DEVICE_FAMILY = "1,2";
				TEST_HOST = "$(BUILT_PRODUCTS_DIR)/MarketData.app/MarketData";
			};
			name = Release;
		};
		1EEFD58226BA9B4200DAA9D5 /* Debug */ = {
			isa = XCBuildConfiguration;
			buildSettings = {
				ALWAYS_SEARCH_USER_PATHS = NO;
				CLANG_ANALYZER_NONNULL = YES;
				CLANG_ANALYZER_NUMBER_OBJECT_CONVERSION = YES_AGGRESSIVE;
				CLANG_CXX_LANGUAGE_STANDARD = "gnu++14";
				CLANG_CXX_LIBRARY = "libc++";
				CLANG_ENABLE_MODULES = YES;
				CLANG_ENABLE_OBJC_ARC = YES;
				CLANG_ENABLE_OBJC_WEAK = YES;
				CLANG_WARN_BLOCK_CAPTURE_AUTORELEASING = YES;
				CLANG_WARN_BOOL_CONVERSION = YES;
				CLANG_WARN_COMMA = YES;
				CLANG_WARN_CONSTANT_CONVERSION = YES;
				CLANG_WARN_DEPRECATED_OBJC_IMPLEMENTATIONS = YES;
				CLANG_WARN_DIRECT_OBJC_ISA_USAGE = YES_ERROR;
				CLANG_WARN_DOCUMENTATION_COMMENTS = YES;
				CLANG_WARN_EMPTY_BODY = YES;
				CLANG_WARN_ENUM_CONVERSION = YES;
				CLANG_WARN_INFINITE_RECURSION = YES;
				CLANG_WARN_INT_CONVERSION = YES;
				CLANG_WARN_NON_LITERAL_NULL_CONVERSION = YES;
				CLANG_WARN_OBJC_IMPLICIT_RETAIN_SELF = YES;
				CLANG_WARN_OBJC_LITERAL_CONVERSION = YES;
				CLANG_WARN_OBJC_ROOT_CLASS = YES_ERROR;
				CLANG_WARN_QUOTED_INCLUDE_IN_FRAMEWORK_HEADER = YES;
				CLANG_WARN_RANGE_LOOP_ANALYSIS = YES;
				CLANG_WARN_STRICT_PROTOTYPES = YES;
				CLANG_WARN_SUSPICIOUS_MOVE = YES;
				CLANG_WARN_UNGUARDED_AVAILABILITY = YES_AGGRESSIVE;
				CLANG_WARN_UNREACHABLE_CODE = YES;
				CLANG_WARN__DUPLICATE_METHOD_MATCH = YES;
				COPY_PHASE_STRIP = NO;
				DEBUG_INFORMATION_FORMAT = dwarf;
				ENABLE_STRICT_OBJC_MSGSEND = YES;
				ENABLE_TESTABILITY = YES;
				GCC_C_LANGUAGE_STANDARD = gnu11;
				GCC_DYNAMIC_NO_PIC = NO;
				GCC_NO_COMMON_BLOCKS = YES;
				GCC_OPTIMIZATION_LEVEL = 0;
				GCC_PREPROCESSOR_DEFINITIONS = (
					"DEBUG=1",
					"$(inherited)",
				);
				GCC_WARN_64_TO_32_BIT_CONVERSION = YES;
				GCC_WARN_ABOUT_RETURN_TYPE = YES_ERROR;
				GCC_WARN_UNDECLARED_SELECTOR = YES;
				GCC_WARN_UNINITIALIZED_AUTOS = YES_AGGRESSIVE;
				GCC_WARN_UNUSED_FUNCTION = YES;
				GCC_WARN_UNUSED_VARIABLE = YES;
				IPHONEOS_DEPLOYMENT_TARGET = 14.5;
				MTL_ENABLE_DEBUG_INFO = INCLUDE_SOURCE;
				MTL_FAST_MATH = YES;
				ONLY_ACTIVE_ARCH = YES;
				SDKROOT = iphoneos;
				SWIFT_ACTIVE_COMPILATION_CONDITIONS = DEBUG;
				SWIFT_OPTIMIZATION_LEVEL = "-Onone";
			};
			name = Debug;
		};
		1EEFD58326BA9B4200DAA9D5 /* Release */ = {
			isa = XCBuildConfiguration;
			buildSettings = {
				ALWAYS_SEARCH_USER_PATHS = NO;
				CLANG_ANALYZER_NONNULL = YES;
				CLANG_ANALYZER_NUMBER_OBJECT_CONVERSION = YES_AGGRESSIVE;
				CLANG_CXX_LANGUAGE_STANDARD = "gnu++14";
				CLANG_CXX_LIBRARY = "libc++";
				CLANG_ENABLE_MODULES = YES;
				CLANG_ENABLE_OBJC_ARC = YES;
				CLANG_ENABLE_OBJC_WEAK = YES;
				CLANG_WARN_BLOCK_CAPTURE_AUTORELEASING = YES;
				CLANG_WARN_BOOL_CONVERSION = YES;
				CLANG_WARN_COMMA = YES;
				CLANG_WARN_CONSTANT_CONVERSION = YES;
				CLANG_WARN_DEPRECATED_OBJC_IMPLEMENTATIONS = YES;
				CLANG_WARN_DIRECT_OBJC_ISA_USAGE = YES_ERROR;
				CLANG_WARN_DOCUMENTATION_COMMENTS = YES;
				CLANG_WARN_EMPTY_BODY = YES;
				CLANG_WARN_ENUM_CONVERSION = YES;
				CLANG_WARN_INFINITE_RECURSION = YES;
				CLANG_WARN_INT_CONVERSION = YES;
				CLANG_WARN_NON_LITERAL_NULL_CONVERSION = YES;
				CLANG_WARN_OBJC_IMPLICIT_RETAIN_SELF = YES;
				CLANG_WARN_OBJC_LITERAL_CONVERSION = YES;
				CLANG_WARN_OBJC_ROOT_CLASS = YES_ERROR;
				CLANG_WARN_QUOTED_INCLUDE_IN_FRAMEWORK_HEADER = YES;
				CLANG_WARN_RANGE_LOOP_ANALYSIS = YES;
				CLANG_WARN_STRICT_PROTOTYPES = YES;
				CLANG_WARN_SUSPICIOUS_MOVE = YES;
				CLANG_WARN_UNGUARDED_AVAILABILITY = YES_AGGRESSIVE;
				CLANG_WARN_UNREACHABLE_CODE = YES;
				CLANG_WARN__DUPLICATE_METHOD_MATCH = YES;
				COPY_PHASE_STRIP = NO;
				DEBUG_INFORMATION_FORMAT = "dwarf-with-dsym";
				ENABLE_NS_ASSERTIONS = NO;
				ENABLE_STRICT_OBJC_MSGSEND = YES;
				GCC_C_LANGUAGE_STANDARD = gnu11;
				GCC_NO_COMMON_BLOCKS = YES;
				GCC_WARN_64_TO_32_BIT_CONVERSION = YES;
				GCC_WARN_ABOUT_RETURN_TYPE = YES_ERROR;
				GCC_WARN_UNDECLARED_SELECTOR = YES;
				GCC_WARN_UNINITIALIZED_AUTOS = YES_AGGRESSIVE;
				GCC_WARN_UNUSED_FUNCTION = YES;
				GCC_WARN_UNUSED_VARIABLE = YES;
				IPHONEOS_DEPLOYMENT_TARGET = 14.5;
				MTL_ENABLE_DEBUG_INFO = NO;
				MTL_FAST_MATH = YES;
				SDKROOT = iphoneos;
				SWIFT_COMPILATION_MODE = wholemodule;
				SWIFT_OPTIMIZATION_LEVEL = "-O";
				VALIDATE_PRODUCT = YES;
			};
			name = Release;
		};
		1EEFD58526BA9B4200DAA9D5 /* Debug */ = {
			isa = XCBuildConfiguration;
			buildSettings = {
				ASSETCATALOG_COMPILER_APPICON_NAME = AppIcon;
				ASSETCATALOG_COMPILER_GLOBAL_ACCENT_COLOR_NAME = AccentColor;
				CODE_SIGN_STYLE = Automatic;
				DEVELOPMENT_ASSET_PATHS = "\"MarketData/Preview Content\"";
				DEVELOPMENT_TEAM = 33GXC7VWW4;
				ENABLE_PREVIEWS = YES;
				INFOPLIST_FILE = MarketData/Info.plist;
				IPHONEOS_DEPLOYMENT_TARGET = 14.0;
				LD_RUNPATH_SEARCH_PATHS = (
					"$(inherited)",
					"@executable_path/Frameworks",
				);
				PRODUCT_BUNDLE_IDENTIFIER = com.johann.MarketData;
				PRODUCT_NAME = "$(TARGET_NAME)";
				SWIFT_VERSION = 5.0;
				TARGETED_DEVICE_FAMILY = "1,2";
			};
			name = Debug;
		};
		1EEFD58626BA9B4200DAA9D5 /* Release */ = {
			isa = XCBuildConfiguration;
			buildSettings = {
				ASSETCATALOG_COMPILER_APPICON_NAME = AppIcon;
				ASSETCATALOG_COMPILER_GLOBAL_ACCENT_COLOR_NAME = AccentColor;
				CODE_SIGN_STYLE = Automatic;
				DEVELOPMENT_ASSET_PATHS = "\"MarketData/Preview Content\"";
				DEVELOPMENT_TEAM = 33GXC7VWW4;
				ENABLE_PREVIEWS = YES;
				INFOPLIST_FILE = MarketData/Info.plist;
				IPHONEOS_DEPLOYMENT_TARGET = 14.0;
				LD_RUNPATH_SEARCH_PATHS = (
					"$(inherited)",
					"@executable_path/Frameworks",
				);
				PRODUCT_BUNDLE_IDENTIFIER = com.johann.MarketData;
				PRODUCT_NAME = "$(TARGET_NAME)";
				SWIFT_VERSION = 5.0;
				TARGETED_DEVICE_FAMILY = "1,2";
			};
			name = Release;
		};
/* End XCBuildConfiguration section */

/* Begin XCConfigurationList section */
		1E044D6226BB9CD80050A8B7 /* Build configuration list for PBXNativeTarget "MarketDataTests" */ = {
			isa = XCConfigurationList;
			buildConfigurations = (
				1E044D6326BB9CD80050A8B7 /* Debug */,
				1E044D6426BB9CD80050A8B7 /* Release */,
			);
			defaultConfigurationIsVisible = 0;
			defaultConfigurationName = Release;
		};
		1EEFD57026BA9B3D00DAA9D5 /* Build configuration list for PBXProject "MarketData" */ = {
			isa = XCConfigurationList;
			buildConfigurations = (
				1EEFD58226BA9B4200DAA9D5 /* Debug */,
				1EEFD58326BA9B4200DAA9D5 /* Release */,
			);
			defaultConfigurationIsVisible = 0;
			defaultConfigurationName = Release;
		};
		1EEFD58426BA9B4200DAA9D5 /* Build configuration list for PBXNativeTarget "MarketData" */ = {
			isa = XCConfigurationList;
			buildConfigurations = (
				1EEFD58526BA9B4200DAA9D5 /* Debug */,
				1EEFD58626BA9B4200DAA9D5 /* Release */,
			);
			defaultConfigurationIsVisible = 0;
			defaultConfigurationName = Release;
		};
/* End XCConfigurationList section */

/* Begin XCRemoteSwiftPackageReference section */
		1E044D6D26BBB5D30050A8B7 /* XCRemoteSwiftPackageReference "SDWebImageSwiftUI" */ = {
			isa = XCRemoteSwiftPackageReference;
			repositoryURL = "https://github.com/SDWebImage/SDWebImageSwiftUI.git";
			requirement = {
				kind = upToNextMajorVersion;
				minimumVersion = 2.0.2;
			};
		};
		1E2DE4C926BFA90500D49572 /* XCRemoteSwiftPackageReference "Charts" */ = {
			isa = XCRemoteSwiftPackageReference;
			repositoryURL = "https://github.com/RedAirship/Charts.git";
			requirement = {
				kind = upToNextMajorVersion;
				minimumVersion = 4.0.1;
			};
		};
/* End XCRemoteSwiftPackageReference section */

/* Begin XCSwiftPackageProductDependency section */
		1E044D6E26BBB5D30050A8B7 /* SDWebImageSwiftUI */ = {
			isa = XCSwiftPackageProductDependency;
			package = 1E044D6D26BBB5D30050A8B7 /* XCRemoteSwiftPackageReference "SDWebImageSwiftUI" */;
			productName = SDWebImageSwiftUI;
		};
		1E2DE4CA26BFA90500D49572 /* Charts */ = {
			isa = XCSwiftPackageProductDependency;
			package = 1E2DE4C926BFA90500D49572 /* XCRemoteSwiftPackageReference "Charts" */;
			productName = Charts;
		};
		1E2DE4CC26BFA90500D49572 /* ChartsDynamic */ = {
			isa = XCSwiftPackageProductDependency;
			package = 1E2DE4C926BFA90500D49572 /* XCRemoteSwiftPackageReference "Charts" */;
			productName = ChartsDynamic;
		};
/* End XCSwiftPackageProductDependency section */
	};
	rootObject = 1EEFD56D26BA9B3D00DAA9D5 /* Project object */;
}
