// !$*UTF8*$!
{
	archiveVersion = 1;
	classes = {
	};
	objectVersion = 50;
	objects = {

/* Begin PBXBuildFile section */
		1EEFD57926BA9B3D00DAA9D5 /* MarketDataApp.swift in Sources */ = {isa = PBXBuildFile; fileRef = 1EEFD57826BA9B3D00DAA9D5 /* MarketDataApp.swift */; };
		1EEFD57B26BA9B3D00DAA9D5 /* ContentView.swift in Sources */ = {isa = PBXBuildFile; fileRef = 1EEFD57A26BA9B3D00DAA9D5 /* ContentView.swift */; };
		1EEFD57D26BA9B4200DAA9D5 /* Assets.xcassets in Resources */ = {isa = PBXBuildFile; fileRef = 1EEFD57C26BA9B4200DAA9D5 /* Assets.xcassets */; };
		1EEFD58026BA9B4200DAA9D5 /* Preview Assets.xcassets in Resources */ = {isa = PBXBuildFile; fileRef = 1EEFD57F26BA9B4200DAA9D5 /* Preview Assets.xcassets */; };
		1EEFD58A26BA9BFC00DAA9D5 /* StockRow.swift in Sources */ = {isa = PBXBuildFile; fileRef = 1EEFD58926BA9BFC00DAA9D5 /* StockRow.swift */; };
		1EEFD58E26BA9E3500DAA9D5 /* StockInfo.swift in Sources */ = {isa = PBXBuildFile; fileRef = 1EEFD58D26BA9E3500DAA9D5 /* StockInfo.swift */; };
		1EEFD59026BAA27600DAA9D5 /* PriceInfo.swift in Sources */ = {isa = PBXBuildFile; fileRef = 1EEFD58F26BAA27600DAA9D5 /* PriceInfo.swift */; };
		1EEFD59326BAA2EF00DAA9D5 /* Amount.swift in Sources */ = {isa = PBXBuildFile; fileRef = 1EEFD59226BAA2EF00DAA9D5 /* Amount.swift */; };
		1EEFD59526BAA2F800DAA9D5 /* Currency.swift in Sources */ = {isa = PBXBuildFile; fileRef = 1EEFD59426BAA2F800DAA9D5 /* Currency.swift */; };
		1EEFD59726BAA89300DAA9D5 /* SwiftUIView.swift in Sources */ = {isa = PBXBuildFile; fileRef = 1EEFD59626BAA89300DAA9D5 /* SwiftUIView.swift */; };
		1EEFD59926BAA8A300DAA9D5 /* StockList.swift in Sources */ = {isa = PBXBuildFile; fileRef = 1EEFD59826BAA8A300DAA9D5 /* StockList.swift */; };
/* End PBXBuildFile section */

/* Begin PBXFileReference section */
		1EEFD57526BA9B3D00DAA9D5 /* MarketData.app */ = {isa = PBXFileReference; explicitFileType = wrapper.application; includeInIndex = 0; path = MarketData.app; sourceTree = BUILT_PRODUCTS_DIR; };
		1EEFD57826BA9B3D00DAA9D5 /* MarketDataApp.swift */ = {isa = PBXFileReference; lastKnownFileType = sourcecode.swift; path = MarketDataApp.swift; sourceTree = "<group>"; };
		1EEFD57A26BA9B3D00DAA9D5 /* ContentView.swift */ = {isa = PBXFileReference; lastKnownFileType = sourcecode.swift; path = ContentView.swift; sourceTree = "<group>"; };
		1EEFD57C26BA9B4200DAA9D5 /* Assets.xcassets */ = {isa = PBXFileReference; lastKnownFileType = folder.assetcatalog; path = Assets.xcassets; sourceTree = "<group>"; };
		1EEFD57F26BA9B4200DAA9D5 /* Preview Assets.xcassets */ = {isa = PBXFileReference; lastKnownFileType = folder.assetcatalog; path = "Preview Assets.xcassets"; sourceTree = "<group>"; };
		1EEFD58126BA9B4200DAA9D5 /* Info.plist */ = {isa = PBXFileReference; lastKnownFileType = text.plist.xml; path = Info.plist; sourceTree = "<group>"; };
		1EEFD58926BA9BFC00DAA9D5 /* StockRow.swift */ = {isa = PBXFileReference; lastKnownFileType = sourcecode.swift; path = StockRow.swift; sourceTree = "<group>"; };
		1EEFD58D26BA9E3500DAA9D5 /* StockInfo.swift */ = {isa = PBXFileReference; lastKnownFileType = sourcecode.swift; path = StockInfo.swift; sourceTree = "<group>"; };
		1EEFD58F26BAA27600DAA9D5 /* PriceInfo.swift */ = {isa = PBXFileReference; lastKnownFileType = sourcecode.swift; path = PriceInfo.swift; sourceTree = "<group>"; };
		1EEFD59226BAA2EF00DAA9D5 /* Amount.swift */ = {isa = PBXFileReference; lastKnownFileType = sourcecode.swift; path = Amount.swift; sourceTree = "<group>"; };
		1EEFD59426BAA2F800DAA9D5 /* Currency.swift */ = {isa = PBXFileReference; lastKnownFileType = sourcecode.swift; path = Currency.swift; sourceTree = "<group>"; };
		1EEFD59626BAA89300DAA9D5 /* SwiftUIView.swift */ = {isa = PBXFileReference; lastKnownFileType = sourcecode.swift; path = SwiftUIView.swift; sourceTree = "<group>"; };
		1EEFD59826BAA8A300DAA9D5 /* StockList.swift */ = {isa = PBXFileReference; lastKnownFileType = sourcecode.swift; path = StockList.swift; sourceTree = "<group>"; };
/* End PBXFileReference section */

/* Begin PBXFrameworksBuildPhase section */
		1EEFD57226BA9B3D00DAA9D5 /* Frameworks */ = {
			isa = PBXFrameworksBuildPhase;
			buildActionMask = 2147483647;
			files = (
			);
			runOnlyForDeploymentPostprocessing = 0;
		};
/* End PBXFrameworksBuildPhase section */

/* Begin PBXGroup section */
		1EEFD56C26BA9B3D00DAA9D5 = {
			isa = PBXGroup;
			children = (
				1EEFD57726BA9B3D00DAA9D5 /* MarketData */,
				1EEFD57626BA9B3D00DAA9D5 /* Products */,
			);
			sourceTree = "<group>";
		};
		1EEFD57626BA9B3D00DAA9D5 /* Products */ = {
			isa = PBXGroup;
			children = (
				1EEFD57526BA9B3D00DAA9D5 /* MarketData.app */,
			);
			name = Products;
			sourceTree = "<group>";
		};
		1EEFD57726BA9B3D00DAA9D5 /* MarketData */ = {
			isa = PBXGroup;
			children = (
				1EEFD59126BAA2DA00DAA9D5 /* Common */,
				1EEFD58C26BA9E0A00DAA9D5 /* Models */,
				1EEFD58726BA9BCB00DAA9D5 /* Views */,
				1EEFD57826BA9B3D00DAA9D5 /* MarketDataApp.swift */,
				1EEFD57A26BA9B3D00DAA9D5 /* ContentView.swift */,
				1EEFD57C26BA9B4200DAA9D5 /* Assets.xcassets */,
				1EEFD58126BA9B4200DAA9D5 /* Info.plist */,
				1EEFD57E26BA9B4200DAA9D5 /* Preview Content */,
			);
			path = MarketData;
			sourceTree = "<group>";
		};
		1EEFD57E26BA9B4200DAA9D5 /* Preview Content */ = {
			isa = PBXGroup;
			children = (
				1EEFD57F26BA9B4200DAA9D5 /* Preview Assets.xcassets */,
			);
			path = "Preview Content";
			sourceTree = "<group>";
		};
		1EEFD58726BA9BCB00DAA9D5 /* Views */ = {
			isa = PBXGroup;
			children = (
				1EEFD58826BA9BD900DAA9D5 /* Stocks */,
			);
			path = Views;
			sourceTree = "<group>";
		};
		1EEFD58826BA9BD900DAA9D5 /* Stocks */ = {
			isa = PBXGroup;
			children = (
				1EEFD58926BA9BFC00DAA9D5 /* StockRow.swift */,
				1EEFD59626BAA89300DAA9D5 /* SwiftUIView.swift */,
				1EEFD59826BAA8A300DAA9D5 /* StockList.swift */,
			);
			path = Stocks;
			sourceTree = "<group>";
		};
		1EEFD58C26BA9E0A00DAA9D5 /* Models */ = {
			isa = PBXGroup;
			children = (
				1EEFD58D26BA9E3500DAA9D5 /* StockInfo.swift */,
				1EEFD58F26BAA27600DAA9D5 /* PriceInfo.swift */,
			);
			path = Models;
			sourceTree = "<group>";
		};
		1EEFD59126BAA2DA00DAA9D5 /* Common */ = {
			isa = PBXGroup;
			children = (
				1EEFD59226BAA2EF00DAA9D5 /* Amount.swift */,
				1EEFD59426BAA2F800DAA9D5 /* Currency.swift */,
			);
			path = Common;
			sourceTree = "<group>";
		};
/* End PBXGroup section */

/* Begin PBXNativeTarget section */
		1EEFD57426BA9B3D00DAA9D5 /* MarketData */ = {
			isa = PBXNativeTarget;
			buildConfigurationList = 1EEFD58426BA9B4200DAA9D5 /* Build configuration list for PBXNativeTarget "MarketData" */;
			buildPhases = (
				1EEFD57126BA9B3D00DAA9D5 /* Sources */,
				1EEFD57226BA9B3D00DAA9D5 /* Frameworks */,
				1EEFD57326BA9B3D00DAA9D5 /* Resources */,
			);
			buildRules = (
			);
			dependencies = (
			);
			name = MarketData;
			productName = MarketData;
			productReference = 1EEFD57526BA9B3D00DAA9D5 /* MarketData.app */;
			productType = "com.apple.product-type.application";
		};
/* End PBXNativeTarget section */

/* Begin PBXProject section */
		1EEFD56D26BA9B3D00DAA9D5 /* Project object */ = {
			isa = PBXProject;
			attributes = {
				LastSwiftUpdateCheck = 1250;
				LastUpgradeCheck = 1250;
				TargetAttributes = {
					1EEFD57426BA9B3D00DAA9D5 = {
						CreatedOnToolsVersion = 12.5.1;
					};
				};
			};
			buildConfigurationList = 1EEFD57026BA9B3D00DAA9D5 /* Build configuration list for PBXProject "MarketData" */;
			compatibilityVersion = "Xcode 9.3";
			developmentRegion = en;
			hasScannedForEncodings = 0;
			knownRegions = (
				en,
				Base,
			);
			mainGroup = 1EEFD56C26BA9B3D00DAA9D5;
			productRefGroup = 1EEFD57626BA9B3D00DAA9D5 /* Products */;
			projectDirPath = "";
			projectRoot = "";
			targets = (
				1EEFD57426BA9B3D00DAA9D5 /* MarketData */,
			);
		};
/* End PBXProject section */

/* Begin PBXResourcesBuildPhase section */
		1EEFD57326BA9B3D00DAA9D5 /* Resources */ = {
			isa = PBXResourcesBuildPhase;
			buildActionMask = 2147483647;
			files = (
				1EEFD58026BA9B4200DAA9D5 /* Preview Assets.xcassets in Resources */,
				1EEFD57D26BA9B4200DAA9D5 /* Assets.xcassets in Resources */,
			);
			runOnlyForDeploymentPostprocessing = 0;
		};
/* End PBXResourcesBuildPhase section */

/* Begin PBXSourcesBuildPhase section */
		1EEFD57126BA9B3D00DAA9D5 /* Sources */ = {
			isa = PBXSourcesBuildPhase;
			buildActionMask = 2147483647;
			files = (
				1EEFD59026BAA27600DAA9D5 /* PriceInfo.swift in Sources */,
				1EEFD58A26BA9BFC00DAA9D5 /* StockRow.swift in Sources */,
				1EEFD59726BAA89300DAA9D5 /* SwiftUIView.swift in Sources */,
				1EEFD57B26BA9B3D00DAA9D5 /* ContentView.swift in Sources */,
				1EEFD58E26BA9E3500DAA9D5 /* StockInfo.swift in Sources */,
				1EEFD57926BA9B3D00DAA9D5 /* MarketDataApp.swift in Sources */,
				1EEFD59926BAA8A300DAA9D5 /* StockList.swift in Sources */,
				1EEFD59526BAA2F800DAA9D5 /* Currency.swift in Sources */,
				1EEFD59326BAA2EF00DAA9D5 /* Amount.swift in Sources */,
			);
			runOnlyForDeploymentPostprocessing = 0;
		};
/* End PBXSourcesBuildPhase section */

/* Begin XCBuildConfiguration section */
		1EEFD58226BA9B4200DAA9D5 /* Debug */ = {
			isa = XCBuildConfiguration;
			buildSettings = {
				ALWAYS_SEARCH_USER_PATHS = NO;
				CLANG_ANALYZER_NONNULL = YES;
				CLANG_ANALYZER_NUMBER_OBJECT_CONVERSION = YES_AGGRESSIVE;
				CLANG_CXX_LANGUAGE_STANDARD = "gnu++14";
				CLANG_CXX_LIBRARY = "libc++";
				CLANG_ENABLE_MODULES = YES;
				CLANG_ENABLE_OBJC_ARC = YES;
				CLANG_ENABLE_OBJC_WEAK = YES;
				CLANG_WARN_BLOCK_CAPTURE_AUTORELEASING = YES;
				CLANG_WARN_BOOL_CONVERSION = YES;
				CLANG_WARN_COMMA = YES;
				CLANG_WARN_CONSTANT_CONVERSION = YES;
				CLANG_WARN_DEPRECATED_OBJC_IMPLEMENTATIONS = YES;
				CLANG_WARN_DIRECT_OBJC_ISA_USAGE = YES_ERROR;
				CLANG_WARN_DOCUMENTATION_COMMENTS = YES;
				CLANG_WARN_EMPTY_BODY = YES;
				CLANG_WARN_ENUM_CONVERSION = YES;
				CLANG_WARN_INFINITE_RECURSION = YES;
				CLANG_WARN_INT_CONVERSION = YES;
				CLANG_WARN_NON_LITERAL_NULL_CONVERSION = YES;
				CLANG_WARN_OBJC_IMPLICIT_RETAIN_SELF = YES;
				CLANG_WARN_OBJC_LITERAL_CONVERSION = YES;
				CLANG_WARN_OBJC_ROOT_CLASS = YES_ERROR;
				CLANG_WARN_QUOTED_INCLUDE_IN_FRAMEWORK_HEADER = YES;
				CLANG_WARN_RANGE_LOOP_ANALYSIS = YES;
				CLANG_WARN_STRICT_PROTOTYPES = YES;
				CLANG_WARN_SUSPICIOUS_MOVE = YES;
				CLANG_WARN_UNGUARDED_AVAILABILITY = YES_AGGRESSIVE;
				CLANG_WARN_UNREACHABLE_CODE = YES;
				CLANG_WARN__DUPLICATE_METHOD_MATCH = YES;
				COPY_PHASE_STRIP = NO;
				DEBUG_INFORMATION_FORMAT = dwarf;
				ENABLE_STRICT_OBJC_MSGSEND = YES;
				ENABLE_TESTABILITY = YES;
				GCC_C_LANGUAGE_STANDARD = gnu11;
				GCC_DYNAMIC_NO_PIC = NO;
				GCC_NO_COMMON_BLOCKS = YES;
				GCC_OPTIMIZATION_LEVEL = 0;
				GCC_PREPROCESSOR_DEFINITIONS = (
					"DEBUG=1",
					"$(inherited)",
				);
				GCC_WARN_64_TO_32_BIT_CONVERSION = YES;
				GCC_WARN_ABOUT_RETURN_TYPE = YES_ERROR;
				GCC_WARN_UNDECLARED_SELECTOR = YES;
				GCC_WARN_UNINITIALIZED_AUTOS = YES_AGGRESSIVE;
				GCC_WARN_UNUSED_FUNCTION = YES;
				GCC_WARN_UNUSED_VARIABLE = YES;
				IPHONEOS_DEPLOYMENT_TARGET = 14.5;
				MTL_ENABLE_DEBUG_INFO = INCLUDE_SOURCE;
				MTL_FAST_MATH = YES;
				ONLY_ACTIVE_ARCH = YES;
				SDKROOT = iphoneos;
				SWIFT_ACTIVE_COMPILATION_CONDITIONS = DEBUG;
				SWIFT_OPTIMIZATION_LEVEL = "-Onone";
			};
			name = Debug;
		};
		1EEFD58326BA9B4200DAA9D5 /* Release */ = {
			isa = XCBuildConfiguration;
			buildSettings = {
				ALWAYS_SEARCH_USER_PATHS = NO;
				CLANG_ANALYZER_NONNULL = YES;
				CLANG_ANALYZER_NUMBER_OBJECT_CONVERSION = YES_AGGRESSIVE;
				CLANG_CXX_LANGUAGE_STANDARD = "gnu++14";
				CLANG_CXX_LIBRARY = "libc++";
				CLANG_ENABLE_MODULES = YES;
				CLANG_ENABLE_OBJC_ARC = YES;
				CLANG_ENABLE_OBJC_WEAK = YES;
				CLANG_WARN_BLOCK_CAPTURE_AUTORELEASING = YES;
				CLANG_WARN_BOOL_CONVERSION = YES;
				CLANG_WARN_COMMA = YES;
				CLANG_WARN_CONSTANT_CONVERSION = YES;
				CLANG_WARN_DEPRECATED_OBJC_IMPLEMENTATIONS = YES;
				CLANG_WARN_DIRECT_OBJC_ISA_USAGE = YES_ERROR;
				CLANG_WARN_DOCUMENTATION_COMMENTS = YES;
				CLANG_WARN_EMPTY_BODY = YES;
				CLANG_WARN_ENUM_CONVERSION = YES;
				CLANG_WARN_INFINITE_RECURSION = YES;
				CLANG_WARN_INT_CONVERSION = YES;
				CLANG_WARN_NON_LITERAL_NULL_CONVERSION = YES;
				CLANG_WARN_OBJC_IMPLICIT_RETAIN_SELF = YES;
				CLANG_WARN_OBJC_LITERAL_CONVERSION = YES;
				CLANG_WARN_OBJC_ROOT_CLASS = YES_ERROR;
				CLANG_WARN_QUOTED_INCLUDE_IN_FRAMEWORK_HEADER = YES;
				CLANG_WARN_RANGE_LOOP_ANALYSIS = YES;
				CLANG_WARN_STRICT_PROTOTYPES = YES;
				CLANG_WARN_SUSPICIOUS_MOVE = YES;
				CLANG_WARN_UNGUARDED_AVAILABILITY = YES_AGGRESSIVE;
				CLANG_WARN_UNREACHABLE_CODE = YES;
				CLANG_WARN__DUPLICATE_METHOD_MATCH = YES;
				COPY_PHASE_STRIP = NO;
				DEBUG_INFORMATION_FORMAT = "dwarf-with-dsym";
				ENABLE_NS_ASSERTIONS = NO;
				ENABLE_STRICT_OBJC_MSGSEND = YES;
				GCC_C_LANGUAGE_STANDARD = gnu11;
				GCC_NO_COMMON_BLOCKS = YES;
				GCC_WARN_64_TO_32_BIT_CONVERSION = YES;
				GCC_WARN_ABOUT_RETURN_TYPE = YES_ERROR;
				GCC_WARN_UNDECLARED_SELECTOR = YES;
				GCC_WARN_UNINITIALIZED_AUTOS = YES_AGGRESSIVE;
				GCC_WARN_UNUSED_FUNCTION = YES;
				GCC_WARN_UNUSED_VARIABLE = YES;
				IPHONEOS_DEPLOYMENT_TARGET = 14.5;
				MTL_ENABLE_DEBUG_INFO = NO;
				MTL_FAST_MATH = YES;
				SDKROOT = iphoneos;
				SWIFT_COMPILATION_MODE = wholemodule;
				SWIFT_OPTIMIZATION_LEVEL = "-O";
				VALIDATE_PRODUCT = YES;
			};
			name = Release;
		};
		1EEFD58526BA9B4200DAA9D5 /* Debug */ = {
			isa = XCBuildConfiguration;
			buildSettings = {
				ASSETCATALOG_COMPILER_APPICON_NAME = AppIcon;
				ASSETCATALOG_COMPILER_GLOBAL_ACCENT_COLOR_NAME = AccentColor;
				CODE_SIGN_STYLE = Automatic;
				DEVELOPMENT_ASSET_PATHS = "\"MarketData/Preview Content\"";
				DEVELOPMENT_TEAM = 33GXC7VWW4;
				ENABLE_PREVIEWS = YES;
				INFOPLIST_FILE = MarketData/Info.plist;
				IPHONEOS_DEPLOYMENT_TARGET = 14.0;
				LD_RUNPATH_SEARCH_PATHS = (
					"$(inherited)",
					"@executable_path/Frameworks",
				);
				PRODUCT_BUNDLE_IDENTIFIER = com.johann.MarketData;
				PRODUCT_NAME = "$(TARGET_NAME)";
				SWIFT_VERSION = 5.0;
				TARGETED_DEVICE_FAMILY = "1,2";
			};
			name = Debug;
		};
		1EEFD58626BA9B4200DAA9D5 /* Release */ = {
			isa = XCBuildConfiguration;
			buildSettings = {
				ASSETCATALOG_COMPILER_APPICON_NAME = AppIcon;
				ASSETCATALOG_COMPILER_GLOBAL_ACCENT_COLOR_NAME = AccentColor;
				CODE_SIGN_STYLE = Automatic;
				DEVELOPMENT_ASSET_PATHS = "\"MarketData/Preview Content\"";
				DEVELOPMENT_TEAM = 33GXC7VWW4;
				ENABLE_PREVIEWS = YES;
				INFOPLIST_FILE = MarketData/Info.plist;
				IPHONEOS_DEPLOYMENT_TARGET = 14.0;
				LD_RUNPATH_SEARCH_PATHS = (
					"$(inherited)",
					"@executable_path/Frameworks",
				);
				PRODUCT_BUNDLE_IDENTIFIER = com.johann.MarketData;
				PRODUCT_NAME = "$(TARGET_NAME)";
				SWIFT_VERSION = 5.0;
				TARGETED_DEVICE_FAMILY = "1,2";
			};
			name = Release;
		};
/* End XCBuildConfiguration section */

/* Begin XCConfigurationList section */
		1EEFD57026BA9B3D00DAA9D5 /* Build configuration list for PBXProject "MarketData" */ = {
			isa = XCConfigurationList;
			buildConfigurations = (
				1EEFD58226BA9B4200DAA9D5 /* Debug */,
				1EEFD58326BA9B4200DAA9D5 /* Release */,
			);
			defaultConfigurationIsVisible = 0;
			defaultConfigurationName = Release;
		};
		1EEFD58426BA9B4200DAA9D5 /* Build configuration list for PBXNativeTarget "MarketData" */ = {
			isa = XCConfigurationList;
			buildConfigurations = (
				1EEFD58526BA9B4200DAA9D5 /* Debug */,
				1EEFD58626BA9B4200DAA9D5 /* Release */,
			);
			defaultConfigurationIsVisible = 0;
			defaultConfigurationName = Release;
		};
/* End XCConfigurationList section */
	};
	rootObject = 1EEFD56D26BA9B3D00DAA9D5 /* Project object */;
}
